// !$*UTF8*$!
{
	archiveVersion = 1;
	classes = {
	};
	objectVersion = 53;
	objects = {

/* Begin PBXBuildFile section */
		2C5545BD1C1124DE00728469 /* SwiftRadioUITests.swift in Sources */ = {isa = PBXBuildFile; fileRef = 2C5545BC1C1124DE00728469 /* SwiftRadioUITests.swift */; };
		2F5C26CACB9661BBC4E2FD08 /* Pods_SwiftRadio_CarPlay.framework in Frameworks */ = {isa = PBXBuildFile; fileRef = 4BAEE43CBC31F0BF3F6370E9 /* Pods_SwiftRadio_CarPlay.framework */; };
		53113F39230C720900462C0E /* ShareActivity.swift in Sources */ = {isa = PBXBuildFile; fileRef = 53113F38230C720900462C0E /* ShareActivity.swift */; };
		5FDEE0221F72FF980064333C /* LaunchScreen.storyboard in Resources */ = {isa = PBXBuildFile; fileRef = 5FDEE0211F72FF980064333C /* LaunchScreen.storyboard */; };
		60C262681E762A95174C46D1 /* Pods_Resource_ResourceTests.framework in Frameworks */ = {isa = PBXBuildFile; fileRef = 1119DA7D5942D55A106A48EA /* Pods_Resource_ResourceTests.framework */; };
		6258DCD822D93A3500166C65 /* LogoShareView.swift in Sources */ = {isa = PBXBuildFile; fileRef = 6258DCD722D93A3500166C65 /* LogoShareView.swift */; };
		6258DCDA22D93A5400166C65 /* LogoShareView.xib in Resources */ = {isa = PBXBuildFile; fileRef = 6258DCD922D93A5400166C65 /* LogoShareView.xib */; };
		794CA8BCEF41BBB2C490DD58 /* Pods_SwiftRadio.framework in Frameworks */ = {isa = PBXBuildFile; fileRef = 4E7C072CCB4A78D8EB6B9C13 /* Pods_SwiftRadio.framework */; };
		9409E11C1ABF6FEA00312E2B /* AppDelegate.swift in Sources */ = {isa = PBXBuildFile; fileRef = 9409E11B1ABF6FEA00312E2B /* AppDelegate.swift */; };
		9409E1261ABF6FEA00312E2B /* Images.xcassets in Resources */ = {isa = PBXBuildFile; fileRef = 9409E1251ABF6FEA00312E2B /* Images.xcassets */; };
		9409E1401ABF78B000312E2B /* NowPlayingViewController.swift in Sources */ = {isa = PBXBuildFile; fileRef = 9409E13F1ABF78B000312E2B /* NowPlayingViewController.swift */; };
		94452E4F1AD6F24700BFE7A5 /* PopUpMenuViewController.swift in Sources */ = {isa = PBXBuildFile; fileRef = 94452E4E1AD6F24700BFE7A5 /* PopUpMenuViewController.swift */; };
		94452E551AD7086800BFE7A5 /* AboutViewController.swift in Sources */ = {isa = PBXBuildFile; fileRef = 94452E541AD7086800BFE7A5 /* AboutViewController.swift */; };
		945DB3C21AD58E3A00495EBB /* stations.json in Resources */ = {isa = PBXBuildFile; fileRef = 945DB3C11AD58E3A00495EBB /* stations.json */; };
		945DB3C51AD5A6E200495EBB /* NothingFoundCell.xib in Resources */ = {isa = PBXBuildFile; fileRef = 945DB3C41AD5A6E200495EBB /* NothingFoundCell.xib */; };
		949BBB401ACC9DEE005B7C26 /* DataManager.swift in Sources */ = {isa = PBXBuildFile; fileRef = 949BBB3F1ACC9DEE005B7C26 /* DataManager.swift */; };
		94AC70AE1AD05C6200652982 /* RadioStation.swift in Sources */ = {isa = PBXBuildFile; fileRef = 94AC70AD1AD05C6200652982 /* RadioStation.swift */; };
		94D1D0A51AD6D6230022CA11 /* InfoDetailViewController.swift in Sources */ = {isa = PBXBuildFile; fileRef = 94D1D0A41AD6D6230022CA11 /* InfoDetailViewController.swift */; };
		94D260911B45D20000DE671C /* Config.swift in Sources */ = {isa = PBXBuildFile; fileRef = 94D260901B45D20000DE671C /* Config.swift */; };
		94D260961B45E3FA00DE671C /* AnimationFrames.swift in Sources */ = {isa = PBXBuildFile; fileRef = 94D260951B45E3FA00DE671C /* AnimationFrames.swift */; };
		94E9761C1B1A8F3200F52B1E /* UIImage+DropShadow.swift in Sources */ = {isa = PBXBuildFile; fileRef = 94E9761B1B1A8F3200F52B1E /* UIImage+DropShadow.swift */; };
		B0CA2A2C5BBA80CDB404371F /* Pods_SwiftRadio_SwiftRadioUITests.framework in Frameworks */ = {isa = PBXBuildFile; fileRef = 8185722D4F95EECE5A3C09E7 /* Pods_SwiftRadio_SwiftRadioUITests.framework */; };
		CE0A4996291F3AD40071C0CC /* AppDelegate+CarPlay.swift in Sources */ = {isa = PBXBuildFile; fileRef = CE0A4995291F3AD40071C0CC /* AppDelegate+CarPlay.swift */; };
		CE0A4997291F3B080071C0CC /* AppDelegate+CarPlay.swift in Sources */ = {isa = PBXBuildFile; fileRef = CE0A4995291F3AD40071C0CC /* AppDelegate+CarPlay.swift */; };
		CE321FF329371140001572BD /* Bundle+appName.swift in Sources */ = {isa = PBXBuildFile; fileRef = CE321FF229371140001572BD /* Bundle+appName.swift */; };
		CE321FF429371140001572BD /* Bundle+appName.swift in Sources */ = {isa = PBXBuildFile; fileRef = CE321FF229371140001572BD /* Bundle+appName.swift */; };
		CE37D7B4290F47E000B0933B /* Spring in Frameworks */ = {isa = PBXBuildFile; productRef = CE37D7B3290F47E000B0933B /* Spring */; };
		CE37D7B7290F4A9700B0933B /* FRadioPlayer in Frameworks */ = {isa = PBXBuildFile; productRef = CE37D7B6290F4A9700B0933B /* FRadioPlayer */; };
		CE6036132A47A87A00E15E15 /* StationsViewController.swift in Sources */ = {isa = PBXBuildFile; fileRef = CE6036122A47A87A00E15E15 /* StationsViewController.swift */; };
		CE6036142A47A87A00E15E15 /* StationsViewController.swift in Sources */ = {isa = PBXBuildFile; fileRef = CE6036122A47A87A00E15E15 /* StationsViewController.swift */; };
		CE6036162A47B88600E15E15 /* StationTableViewCell.swift in Sources */ = {isa = PBXBuildFile; fileRef = CE6036152A47B88600E15E15 /* StationTableViewCell.swift */; };
		CE6036172A47B88600E15E15 /* StationTableViewCell.swift in Sources */ = {isa = PBXBuildFile; fileRef = CE6036152A47B88600E15E15 /* StationTableViewCell.swift */; };
		CE6036192A48BA2500E15E15 /* UITableViewCell+reuseIdentifier.swift in Sources */ = {isa = PBXBuildFile; fileRef = CE6036182A48BA2500E15E15 /* UITableViewCell+reuseIdentifier.swift */; };
		CE60361A2A48BA2500E15E15 /* UITableViewCell+reuseIdentifier.swift in Sources */ = {isa = PBXBuildFile; fileRef = CE6036182A48BA2500E15E15 /* UITableViewCell+reuseIdentifier.swift */; };
		CE6036212A48C51A00E15E15 /* NVActivityIndicatorView in Frameworks */ = {isa = PBXBuildFile; productRef = CE6036202A48C51A00E15E15 /* NVActivityIndicatorView */; };
		CE6036232A48C51A00E15E15 /* NVActivityIndicatorViewExtended in Frameworks */ = {isa = PBXBuildFile; productRef = CE6036222A48C51A00E15E15 /* NVActivityIndicatorViewExtended */; };
		CE6036242A48F68D00E15E15 /* NowPlayingView.swift in Sources */ = {isa = PBXBuildFile; fileRef = CE60361C2A48C4A400E15E15 /* NowPlayingView.swift */; };
		CE6036252A48F68D00E15E15 /* NowPlayingView.swift in Sources */ = {isa = PBXBuildFile; fileRef = CE60361C2A48C4A400E15E15 /* NowPlayingView.swift */; };
		CE6036282A48F70A00E15E15 /* NVActivityIndicatorView in Frameworks */ = {isa = PBXBuildFile; productRef = CE6036272A48F70A00E15E15 /* NVActivityIndicatorView */; };
		CE60362A2A48F70A00E15E15 /* NVActivityIndicatorViewExtended in Frameworks */ = {isa = PBXBuildFile; productRef = CE6036292A48F70A00E15E15 /* NVActivityIndicatorViewExtended */; };
		CE6A3E31291F376D0058C82A /* Config.swift in Sources */ = {isa = PBXBuildFile; fileRef = 94D260901B45D20000DE671C /* Config.swift */; };
		CE6A3E33291F376D0058C82A /* ShareActivity.swift in Sources */ = {isa = PBXBuildFile; fileRef = 53113F38230C720900462C0E /* ShareActivity.swift */; };
		CE6A3E34291F376D0058C82A /* NowPlayingViewController.swift in Sources */ = {isa = PBXBuildFile; fileRef = 9409E13F1ABF78B000312E2B /* NowPlayingViewController.swift */; };
		CE6A3E35291F376D0058C82A /* StationsManager.swift in Sources */ = {isa = PBXBuildFile; fileRef = CE963ECB29135A6F004F299E /* StationsManager.swift */; };
		CE6A3E36291F376D0058C82A /* InfoDetailViewController.swift in Sources */ = {isa = PBXBuildFile; fileRef = 94D1D0A41AD6D6230022CA11 /* InfoDetailViewController.swift */; };
		CE6A3E37291F376D0058C82A /* LogoShareView.swift in Sources */ = {isa = PBXBuildFile; fileRef = 6258DCD722D93A3500166C65 /* LogoShareView.swift */; };
		CE6A3E38291F376D0058C82A /* DataManager.swift in Sources */ = {isa = PBXBuildFile; fileRef = 949BBB3F1ACC9DEE005B7C26 /* DataManager.swift */; };
		CE6A3E39291F376D0058C82A /* UIImage+DropShadow.swift in Sources */ = {isa = PBXBuildFile; fileRef = 94E9761B1B1A8F3200F52B1E /* UIImage+DropShadow.swift */; };
		CE6A3E3A291F376D0058C82A /* AboutViewController.swift in Sources */ = {isa = PBXBuildFile; fileRef = 94452E541AD7086800BFE7A5 /* AboutViewController.swift */; };
		CE6A3E3B291F376D0058C82A /* PopUpMenuViewController.swift in Sources */ = {isa = PBXBuildFile; fileRef = 94452E4E1AD6F24700BFE7A5 /* PopUpMenuViewController.swift */; };
		CE6A3E3C291F376D0058C82A /* AppDelegate.swift in Sources */ = {isa = PBXBuildFile; fileRef = 9409E11B1ABF6FEA00312E2B /* AppDelegate.swift */; };
		CE6A3E3D291F376D0058C82A /* AnimationFrames.swift in Sources */ = {isa = PBXBuildFile; fileRef = 94D260951B45E3FA00DE671C /* AnimationFrames.swift */; };
		CE6A3E3E291F376D0058C82A /* UIImage+Cache.swift in Sources */ = {isa = PBXBuildFile; fileRef = CEDABBEC29121BBA00C0367F /* UIImage+Cache.swift */; };
		CE6A3E40291F376D0058C82A /* RadioStation.swift in Sources */ = {isa = PBXBuildFile; fileRef = 94AC70AD1AD05C6200652982 /* RadioStation.swift */; };
		CE6A3E41291F376D0058C82A /* UIImageView+Cache.swift in Sources */ = {isa = PBXBuildFile; fileRef = CEDABBEA291217AF00C0367F /* UIImageView+Cache.swift */; };
		CE6A3E43291F376D0058C82A /* FRadioPlayer in Frameworks */ = {isa = PBXBuildFile; productRef = CE6A3E2E291F376D0058C82A /* FRadioPlayer */; };
		CE6A3E44291F376D0058C82A /* Spring in Frameworks */ = {isa = PBXBuildFile; productRef = CE6A3E2C291F376D0058C82A /* Spring */; };
		CE6A3E46291F376D0058C82A /* stations.json in Resources */ = {isa = PBXBuildFile; fileRef = 945DB3C11AD58E3A00495EBB /* stations.json */; };
		CE6A3E47291F376D0058C82A /* NothingFoundCell.xib in Resources */ = {isa = PBXBuildFile; fileRef = 945DB3C41AD5A6E200495EBB /* NothingFoundCell.xib */; };
		CE6A3E48291F376D0058C82A /* LogoShareView.xib in Resources */ = {isa = PBXBuildFile; fileRef = 6258DCD922D93A5400166C65 /* LogoShareView.xib */; };
		CE6A3E49291F376D0058C82A /* Main.storyboard in Resources */ = {isa = PBXBuildFile; fileRef = CF72ACE621F714D000461EED /* Main.storyboard */; };
		CE6A3E4A291F376D0058C82A /* LaunchScreen.storyboard in Resources */ = {isa = PBXBuildFile; fileRef = 5FDEE0211F72FF980064333C /* LaunchScreen.storyboard */; };
		CE6A3E4B291F376D0058C82A /* Images.xcassets in Resources */ = {isa = PBXBuildFile; fileRef = 9409E1251ABF6FEA00312E2B /* Images.xcassets */; };
		CE6ECCFA292F13DF008B3C16 /* Coordinator.swift in Sources */ = {isa = PBXBuildFile; fileRef = CE6ECCF9292F13DF008B3C16 /* Coordinator.swift */; };
		CE6ECCFB292F13E6008B3C16 /* Coordinator.swift in Sources */ = {isa = PBXBuildFile; fileRef = CE6ECCF9292F13DF008B3C16 /* Coordinator.swift */; };
		CE6ECCFD292F1445008B3C16 /* MainCoordinator.swift in Sources */ = {isa = PBXBuildFile; fileRef = CE6ECCFC292F1445008B3C16 /* MainCoordinator.swift */; };
		CE6ECCFE292F1448008B3C16 /* MainCoordinator.swift in Sources */ = {isa = PBXBuildFile; fileRef = CE6ECCFC292F1445008B3C16 /* MainCoordinator.swift */; };
		CE6ECD00292F215F008B3C16 /* Storyboard.swift in Sources */ = {isa = PBXBuildFile; fileRef = CE6ECCFF292F215F008B3C16 /* Storyboard.swift */; };
		CE6ECD01292F215F008B3C16 /* Storyboard.swift in Sources */ = {isa = PBXBuildFile; fileRef = CE6ECCFF292F215F008B3C16 /* Storyboard.swift */; };
		CE6ECD03292F358C008B3C16 /* UIViewController+Email.swift in Sources */ = {isa = PBXBuildFile; fileRef = CE6ECD02292F358C008B3C16 /* UIViewController+Email.swift */; };
		CE6ECD04292F358C008B3C16 /* UIViewController+Email.swift in Sources */ = {isa = PBXBuildFile; fileRef = CE6ECD02292F358C008B3C16 /* UIViewController+Email.swift */; };
		CE963ECC29135A6F004F299E /* StationsManager.swift in Sources */ = {isa = PBXBuildFile; fileRef = CE963ECB29135A6F004F299E /* StationsManager.swift */; };
		CE9EE8DE293BB41300F62041 /* BaseController.swift in Sources */ = {isa = PBXBuildFile; fileRef = CE9EE8DD293BB41300F62041 /* BaseController.swift */; };
		CE9EE8DF293BB41300F62041 /* BaseController.swift in Sources */ = {isa = PBXBuildFile; fileRef = CE9EE8DD293BB41300F62041 /* BaseController.swift */; };
		CE9EE8E1293C048A00F62041 /* LoaderController.swift in Sources */ = {isa = PBXBuildFile; fileRef = CE9EE8E0293C048A00F62041 /* LoaderController.swift */; };
		CE9EE8E2293C048A00F62041 /* LoaderController.swift in Sources */ = {isa = PBXBuildFile; fileRef = CE9EE8E0293C048A00F62041 /* LoaderController.swift */; };
		CEA82F4A2921F260009E9FA0 /* Info-CarPlay.plist in Resources */ = {isa = PBXBuildFile; fileRef = CEA82F492921F260009E9FA0 /* Info-CarPlay.plist */; };
		CED6353B293081ED002B216F /* Handoffable.swift in Sources */ = {isa = PBXBuildFile; fileRef = CED6353A293081ED002B216F /* Handoffable.swift */; };
		CED6353C293081ED002B216F /* Handoffable.swift in Sources */ = {isa = PBXBuildFile; fileRef = CED6353A293081ED002B216F /* Handoffable.swift */; };
		CEDABBEB291217AF00C0367F /* UIImageView+Cache.swift in Sources */ = {isa = PBXBuildFile; fileRef = CEDABBEA291217AF00C0367F /* UIImageView+Cache.swift */; };
		CEDABBED29121BBA00C0367F /* UIImage+Cache.swift in Sources */ = {isa = PBXBuildFile; fileRef = CEDABBEC29121BBA00C0367F /* UIImage+Cache.swift */; };
		CF72ACE721F7155200461EED /* Main.storyboard in Resources */ = {isa = PBXBuildFile; fileRef = CF72ACE621F714D000461EED /* Main.storyboard */; };
		DF07785E2A5304A6006D21F7 /* Accessibility.swift in Sources */ = {isa = PBXBuildFile; fileRef = DF07785D2A5304A6006D21F7 /* Accessibility.swift */; };
		DF0778602A5318E9006D21F7 /* Test.swift in Sources */ = {isa = PBXBuildFile; fileRef = DF07785F2A5318E9006D21F7 /* Test.swift */; };
		DF30808D2A56F03C004F580F /* Resource.framework in Frameworks */ = {isa = PBXBuildFile; fileRef = DF3C0A872A56ECD4000E1003 /* Resource.framework */; };
		DF3C0A8B2A56ECD4000E1003 /* Resource.docc in Sources */ = {isa = PBXBuildFile; fileRef = DF3C0A8A2A56ECD4000E1003 /* Resource.docc */; };
		DF3C0A912A56ECD5000E1003 /* Resource.framework in Frameworks */ = {isa = PBXBuildFile; fileRef = DF3C0A872A56ECD4000E1003 /* Resource.framework */; };
		DF3C0A992A56ECD5000E1003 /* Resource.h in Headers */ = {isa = PBXBuildFile; fileRef = DF3C0A892A56ECD4000E1003 /* Resource.h */; settings = {ATTRIBUTES = (Public, ); }; };
		DF3C0A9C2A56ECD5000E1003 /* Resource.framework in Frameworks */ = {isa = PBXBuildFile; fileRef = DF3C0A872A56ECD4000E1003 /* Resource.framework */; };
		DF3C0A9D2A56ECD5000E1003 /* Resource.framework in Embed Frameworks */ = {isa = PBXBuildFile; fileRef = DF3C0A872A56ECD4000E1003 /* Resource.framework */; settings = {ATTRIBUTES = (CodeSignOnCopy, RemoveHeadersOnCopy, ); }; };
		DF7D9CC02A544FA70007819D /* StationViewControllerTest.swift in Sources */ = {isa = PBXBuildFile; fileRef = DF7D9CBF2A544FA70007819D /* StationViewControllerTest.swift */; };
		DFB4FB452A56E0760057D4D4 /* StationViewControllerScreen.swift in Sources */ = {isa = PBXBuildFile; fileRef = DFB4FB442A56E0760057D4D4 /* StationViewControllerScreen.swift */; };
		F6326DEA25BD750DC6B7DF85 /* Pods_Resource.framework in Frameworks */ = {isa = PBXBuildFile; fileRef = 0981830EF10DE7964F6D362A /* Pods_Resource.framework */; };
/* End PBXBuildFile section */

/* Begin PBXContainerItemProxy section */
		2C5545BF1C1124DE00728469 /* PBXContainerItemProxy */ = {
			isa = PBXContainerItemProxy;
			containerPortal = 9409E10E1ABF6FE900312E2B /* Project object */;
			proxyType = 1;
			remoteGlobalIDString = 9409E1151ABF6FEA00312E2B;
			remoteInfo = SwiftRadio;
		};
		DF3C0A922A56ECD5000E1003 /* PBXContainerItemProxy */ = {
			isa = PBXContainerItemProxy;
			containerPortal = 9409E10E1ABF6FE900312E2B /* Project object */;
			proxyType = 1;
			remoteGlobalIDString = DF3C0A862A56ECD4000E1003;
			remoteInfo = Resource;
		};
		DF3C0A942A56ECD5000E1003 /* PBXContainerItemProxy */ = {
			isa = PBXContainerItemProxy;
			containerPortal = 9409E10E1ABF6FE900312E2B /* Project object */;
			proxyType = 1;
			remoteGlobalIDString = 9409E1151ABF6FEA00312E2B;
			remoteInfo = SwiftRadio;
		};
		DF3C0A9A2A56ECD5000E1003 /* PBXContainerItemProxy */ = {
			isa = PBXContainerItemProxy;
			containerPortal = 9409E10E1ABF6FE900312E2B /* Project object */;
			proxyType = 1;
			remoteGlobalIDString = DF3C0A862A56ECD4000E1003;
			remoteInfo = Resource;
		};
/* End PBXContainerItemProxy section */

/* Begin PBXCopyFilesBuildPhase section */
		DF3C0AA12A56ECD5000E1003 /* Embed Frameworks */ = {
			isa = PBXCopyFilesBuildPhase;
			buildActionMask = 2147483647;
			dstPath = "";
			dstSubfolderSpec = 10;
			files = (
				DF3C0A9D2A56ECD5000E1003 /* Resource.framework in Embed Frameworks */,
			);
			name = "Embed Frameworks";
			runOnlyForDeploymentPostprocessing = 0;
		};
/* End PBXCopyFilesBuildPhase section */

/* Begin PBXFileReference section */
		0981830EF10DE7964F6D362A /* Pods_Resource.framework */ = {isa = PBXFileReference; explicitFileType = wrapper.framework; includeInIndex = 0; path = Pods_Resource.framework; sourceTree = BUILT_PRODUCTS_DIR; };
		1119DA7D5942D55A106A48EA /* Pods_Resource_ResourceTests.framework */ = {isa = PBXFileReference; explicitFileType = wrapper.framework; includeInIndex = 0; path = Pods_Resource_ResourceTests.framework; sourceTree = BUILT_PRODUCTS_DIR; };
		211B8C8732B2876E29264F5B /* Pods-SwiftRadio-CarPlay.release.xcconfig */ = {isa = PBXFileReference; includeInIndex = 1; lastKnownFileType = text.xcconfig; name = "Pods-SwiftRadio-CarPlay.release.xcconfig"; path = "Target Support Files/Pods-SwiftRadio-CarPlay/Pods-SwiftRadio-CarPlay.release.xcconfig"; sourceTree = "<group>"; };
		2C5545BA1C1124DE00728469 /* SwiftRadioUITests.xctest */ = {isa = PBXFileReference; explicitFileType = wrapper.cfbundle; includeInIndex = 0; path = SwiftRadioUITests.xctest; sourceTree = BUILT_PRODUCTS_DIR; };
		2C5545BC1C1124DE00728469 /* SwiftRadioUITests.swift */ = {isa = PBXFileReference; lastKnownFileType = sourcecode.swift; path = SwiftRadioUITests.swift; sourceTree = "<group>"; };
		2C5545BE1C1124DE00728469 /* Info.plist */ = {isa = PBXFileReference; lastKnownFileType = text.plist.xml; path = Info.plist; sourceTree = "<group>"; };
		3D084BAE21FDAF23899FBF84 /* Pods-Resource.debug.xcconfig */ = {isa = PBXFileReference; includeInIndex = 1; lastKnownFileType = text.xcconfig; name = "Pods-Resource.debug.xcconfig"; path = "Target Support Files/Pods-Resource/Pods-Resource.debug.xcconfig"; sourceTree = "<group>"; };
		49A1D5BFD99E7E268B263247 /* Pods-SwiftRadio.debug.xcconfig */ = {isa = PBXFileReference; includeInIndex = 1; lastKnownFileType = text.xcconfig; name = "Pods-SwiftRadio.debug.xcconfig"; path = "Target Support Files/Pods-SwiftRadio/Pods-SwiftRadio.debug.xcconfig"; sourceTree = "<group>"; };
		4BAEE43CBC31F0BF3F6370E9 /* Pods_SwiftRadio_CarPlay.framework */ = {isa = PBXFileReference; explicitFileType = wrapper.framework; includeInIndex = 0; path = Pods_SwiftRadio_CarPlay.framework; sourceTree = BUILT_PRODUCTS_DIR; };
		4E7C072CCB4A78D8EB6B9C13 /* Pods_SwiftRadio.framework */ = {isa = PBXFileReference; explicitFileType = wrapper.framework; includeInIndex = 0; path = Pods_SwiftRadio.framework; sourceTree = BUILT_PRODUCTS_DIR; };
		53113F38230C720900462C0E /* ShareActivity.swift */ = {isa = PBXFileReference; lastKnownFileType = sourcecode.swift; path = ShareActivity.swift; sourceTree = "<group>"; };
		5FDEE0211F72FF980064333C /* LaunchScreen.storyboard */ = {isa = PBXFileReference; lastKnownFileType = file.storyboard; path = LaunchScreen.storyboard; sourceTree = "<group>"; };
		6258DCD722D93A3500166C65 /* LogoShareView.swift */ = {isa = PBXFileReference; lastKnownFileType = sourcecode.swift; path = LogoShareView.swift; sourceTree = "<group>"; };
		6258DCD922D93A5400166C65 /* LogoShareView.xib */ = {isa = PBXFileReference; lastKnownFileType = file.xib; path = LogoShareView.xib; sourceTree = "<group>"; };
		6A76F48C04C621F3A9FF5F53 /* Pods-SwiftRadio-SwiftRadioUITests.release.xcconfig */ = {isa = PBXFileReference; includeInIndex = 1; lastKnownFileType = text.xcconfig; name = "Pods-SwiftRadio-SwiftRadioUITests.release.xcconfig"; path = "Target Support Files/Pods-SwiftRadio-SwiftRadioUITests/Pods-SwiftRadio-SwiftRadioUITests.release.xcconfig"; sourceTree = "<group>"; };
		74D6939A2DCB22491F5B4784 /* Pods-SwiftRadio.release.xcconfig */ = {isa = PBXFileReference; includeInIndex = 1; lastKnownFileType = text.xcconfig; name = "Pods-SwiftRadio.release.xcconfig"; path = "Target Support Files/Pods-SwiftRadio/Pods-SwiftRadio.release.xcconfig"; sourceTree = "<group>"; };
		8185722D4F95EECE5A3C09E7 /* Pods_SwiftRadio_SwiftRadioUITests.framework */ = {isa = PBXFileReference; explicitFileType = wrapper.framework; includeInIndex = 0; path = Pods_SwiftRadio_SwiftRadioUITests.framework; sourceTree = BUILT_PRODUCTS_DIR; };
		9409E1161ABF6FEA00312E2B /* SwiftRadio.app */ = {isa = PBXFileReference; explicitFileType = wrapper.application; includeInIndex = 0; path = SwiftRadio.app; sourceTree = BUILT_PRODUCTS_DIR; };
		9409E11A1ABF6FEA00312E2B /* Info.plist */ = {isa = PBXFileReference; lastKnownFileType = text.plist.xml; path = Info.plist; sourceTree = "<group>"; };
		9409E11B1ABF6FEA00312E2B /* AppDelegate.swift */ = {isa = PBXFileReference; lastKnownFileType = sourcecode.swift; path = AppDelegate.swift; sourceTree = "<group>"; };
		9409E1251ABF6FEA00312E2B /* Images.xcassets */ = {isa = PBXFileReference; lastKnownFileType = folder.assetcatalog; path = Images.xcassets; sourceTree = "<group>"; };
		9409E13F1ABF78B000312E2B /* NowPlayingViewController.swift */ = {isa = PBXFileReference; fileEncoding = 4; lastKnownFileType = sourcecode.swift; path = NowPlayingViewController.swift; sourceTree = "<group>"; };
		94452E4E1AD6F24700BFE7A5 /* PopUpMenuViewController.swift */ = {isa = PBXFileReference; fileEncoding = 4; lastKnownFileType = sourcecode.swift; path = PopUpMenuViewController.swift; sourceTree = "<group>"; };
		94452E541AD7086800BFE7A5 /* AboutViewController.swift */ = {isa = PBXFileReference; fileEncoding = 4; lastKnownFileType = sourcecode.swift; path = AboutViewController.swift; sourceTree = "<group>"; };
		945DB3C11AD58E3A00495EBB /* stations.json */ = {isa = PBXFileReference; fileEncoding = 4; lastKnownFileType = text.json; path = stations.json; sourceTree = "<group>"; };
		945DB3C41AD5A6E200495EBB /* NothingFoundCell.xib */ = {isa = PBXFileReference; fileEncoding = 4; lastKnownFileType = file.xib; path = NothingFoundCell.xib; sourceTree = "<group>"; };
		949BBB3F1ACC9DEE005B7C26 /* DataManager.swift */ = {isa = PBXFileReference; fileEncoding = 4; lastKnownFileType = sourcecode.swift; path = DataManager.swift; sourceTree = "<group>"; };
		94AC70AD1AD05C6200652982 /* RadioStation.swift */ = {isa = PBXFileReference; fileEncoding = 4; lastKnownFileType = sourcecode.swift; path = RadioStation.swift; sourceTree = "<group>"; };
		94D1D0A41AD6D6230022CA11 /* InfoDetailViewController.swift */ = {isa = PBXFileReference; fileEncoding = 4; lastKnownFileType = sourcecode.swift; path = InfoDetailViewController.swift; sourceTree = "<group>"; };
		94D260901B45D20000DE671C /* Config.swift */ = {isa = PBXFileReference; fileEncoding = 4; lastKnownFileType = sourcecode.swift; path = Config.swift; sourceTree = "<group>"; };
		94D260951B45E3FA00DE671C /* AnimationFrames.swift */ = {isa = PBXFileReference; fileEncoding = 4; lastKnownFileType = sourcecode.swift; path = AnimationFrames.swift; sourceTree = "<group>"; };
		94E9761B1B1A8F3200F52B1E /* UIImage+DropShadow.swift */ = {isa = PBXFileReference; fileEncoding = 4; lastKnownFileType = sourcecode.swift; path = "UIImage+DropShadow.swift"; sourceTree = "<group>"; };
		B419A2675D4933C237BD6031 /* Pods-Resource.release.xcconfig */ = {isa = PBXFileReference; includeInIndex = 1; lastKnownFileType = text.xcconfig; name = "Pods-Resource.release.xcconfig"; path = "Target Support Files/Pods-Resource/Pods-Resource.release.xcconfig"; sourceTree = "<group>"; };
		B95FD9EADC28531552C93144 /* Pods-Resource-ResourceTests.release.xcconfig */ = {isa = PBXFileReference; includeInIndex = 1; lastKnownFileType = text.xcconfig; name = "Pods-Resource-ResourceTests.release.xcconfig"; path = "Target Support Files/Pods-Resource-ResourceTests/Pods-Resource-ResourceTests.release.xcconfig"; sourceTree = "<group>"; };
		BCC7CF4DD12CE84E5147F51F /* Pods-Resource-ResourceTests.debug.xcconfig */ = {isa = PBXFileReference; includeInIndex = 1; lastKnownFileType = text.xcconfig; name = "Pods-Resource-ResourceTests.debug.xcconfig"; path = "Target Support Files/Pods-Resource-ResourceTests/Pods-Resource-ResourceTests.debug.xcconfig"; sourceTree = "<group>"; };
		BD0C209CFDE4A3AF562C7E37 /* Pods-SwiftRadio-CarPlay.debug.xcconfig */ = {isa = PBXFileReference; includeInIndex = 1; lastKnownFileType = text.xcconfig; name = "Pods-SwiftRadio-CarPlay.debug.xcconfig"; path = "Target Support Files/Pods-SwiftRadio-CarPlay/Pods-SwiftRadio-CarPlay.debug.xcconfig"; sourceTree = "<group>"; };
		BD758358DCA3A8416B8A63BB /* Pods-SwiftRadio-SwiftRadioUITests.debug.xcconfig */ = {isa = PBXFileReference; includeInIndex = 1; lastKnownFileType = text.xcconfig; name = "Pods-SwiftRadio-SwiftRadioUITests.debug.xcconfig"; path = "Target Support Files/Pods-SwiftRadio-SwiftRadioUITests/Pods-SwiftRadio-SwiftRadioUITests.debug.xcconfig"; sourceTree = "<group>"; };
		CE0A4994291F3A220071C0CC /* SwiftRadio.entitlements */ = {isa = PBXFileReference; lastKnownFileType = text.plist.entitlements; path = SwiftRadio.entitlements; sourceTree = "<group>"; };
		CE0A4995291F3AD40071C0CC /* AppDelegate+CarPlay.swift */ = {isa = PBXFileReference; lastKnownFileType = sourcecode.swift; path = "AppDelegate+CarPlay.swift"; sourceTree = "<group>"; };
		CE321FF229371140001572BD /* Bundle+appName.swift */ = {isa = PBXFileReference; lastKnownFileType = sourcecode.swift; path = "Bundle+appName.swift"; sourceTree = "<group>"; };
		CE6036122A47A87A00E15E15 /* StationsViewController.swift */ = {isa = PBXFileReference; lastKnownFileType = sourcecode.swift; path = StationsViewController.swift; sourceTree = "<group>"; };
		CE6036152A47B88600E15E15 /* StationTableViewCell.swift */ = {isa = PBXFileReference; lastKnownFileType = sourcecode.swift; path = StationTableViewCell.swift; sourceTree = "<group>"; };
		CE6036182A48BA2500E15E15 /* UITableViewCell+reuseIdentifier.swift */ = {isa = PBXFileReference; lastKnownFileType = sourcecode.swift; path = "UITableViewCell+reuseIdentifier.swift"; sourceTree = "<group>"; };
		CE60361C2A48C4A400E15E15 /* NowPlayingView.swift */ = {isa = PBXFileReference; lastKnownFileType = sourcecode.swift; path = NowPlayingView.swift; sourceTree = "<group>"; };
		CE6A3E4F291F376D0058C82A /* SwiftRadio-CarPlay.app */ = {isa = PBXFileReference; explicitFileType = wrapper.application; includeInIndex = 0; path = "SwiftRadio-CarPlay.app"; sourceTree = BUILT_PRODUCTS_DIR; };
		CE6ECCF9292F13DF008B3C16 /* Coordinator.swift */ = {isa = PBXFileReference; lastKnownFileType = sourcecode.swift; path = Coordinator.swift; sourceTree = "<group>"; };
		CE6ECCFC292F1445008B3C16 /* MainCoordinator.swift */ = {isa = PBXFileReference; lastKnownFileType = sourcecode.swift; path = MainCoordinator.swift; sourceTree = "<group>"; };
		CE6ECCFF292F215F008B3C16 /* Storyboard.swift */ = {isa = PBXFileReference; lastKnownFileType = sourcecode.swift; path = Storyboard.swift; sourceTree = "<group>"; };
		CE6ECD02292F358C008B3C16 /* UIViewController+Email.swift */ = {isa = PBXFileReference; lastKnownFileType = sourcecode.swift; path = "UIViewController+Email.swift"; sourceTree = "<group>"; };
		CE963ECB29135A6F004F299E /* StationsManager.swift */ = {isa = PBXFileReference; lastKnownFileType = sourcecode.swift; path = StationsManager.swift; sourceTree = "<group>"; };
		CE9EE8DD293BB41300F62041 /* BaseController.swift */ = {isa = PBXFileReference; lastKnownFileType = sourcecode.swift; path = BaseController.swift; sourceTree = "<group>"; };
		CE9EE8E0293C048A00F62041 /* LoaderController.swift */ = {isa = PBXFileReference; lastKnownFileType = sourcecode.swift; path = LoaderController.swift; sourceTree = "<group>"; };
		CEA82F492921F260009E9FA0 /* Info-CarPlay.plist */ = {isa = PBXFileReference; fileEncoding = 4; lastKnownFileType = text.plist.xml; path = "Info-CarPlay.plist"; sourceTree = "<group>"; };
		CED6353A293081ED002B216F /* Handoffable.swift */ = {isa = PBXFileReference; lastKnownFileType = sourcecode.swift; path = Handoffable.swift; sourceTree = "<group>"; };
		CEDABBEA291217AF00C0367F /* UIImageView+Cache.swift */ = {isa = PBXFileReference; lastKnownFileType = sourcecode.swift; path = "UIImageView+Cache.swift"; sourceTree = "<group>"; };
		CEDABBEC29121BBA00C0367F /* UIImage+Cache.swift */ = {isa = PBXFileReference; lastKnownFileType = sourcecode.swift; path = "UIImage+Cache.swift"; sourceTree = "<group>"; };
		CF72ACE621F714D000461EED /* Main.storyboard */ = {isa = PBXFileReference; lastKnownFileType = file.storyboard; path = Main.storyboard; sourceTree = "<group>"; };
		DF07785D2A5304A6006D21F7 /* Accessibility.swift */ = {isa = PBXFileReference; lastKnownFileType = sourcecode.swift; path = Accessibility.swift; sourceTree = "<group>"; };
		DF07785F2A5318E9006D21F7 /* Test.swift */ = {isa = PBXFileReference; lastKnownFileType = sourcecode.swift; path = Test.swift; sourceTree = "<group>"; };
		DF3C0A872A56ECD4000E1003 /* Resource.framework */ = {isa = PBXFileReference; explicitFileType = wrapper.framework; includeInIndex = 0; path = Resource.framework; sourceTree = BUILT_PRODUCTS_DIR; };
		DF3C0A892A56ECD4000E1003 /* Resource.h */ = {isa = PBXFileReference; lastKnownFileType = sourcecode.c.h; path = Resource.h; sourceTree = "<group>"; };
		DF3C0A8A2A56ECD4000E1003 /* Resource.docc */ = {isa = PBXFileReference; lastKnownFileType = folder.documentationcatalog; path = Resource.docc; sourceTree = "<group>"; };
		DF3C0A902A56ECD5000E1003 /* ResourceTests.xctest */ = {isa = PBXFileReference; explicitFileType = wrapper.cfbundle; includeInIndex = 0; path = ResourceTests.xctest; sourceTree = BUILT_PRODUCTS_DIR; };
		DF7D9CBF2A544FA70007819D /* StationViewControllerTest.swift */ = {isa = PBXFileReference; lastKnownFileType = sourcecode.swift; path = StationViewControllerTest.swift; sourceTree = "<group>"; };
		DFB4FB442A56E0760057D4D4 /* StationViewControllerScreen.swift */ = {isa = PBXFileReference; lastKnownFileType = sourcecode.swift; path = StationViewControllerScreen.swift; sourceTree = "<group>"; };
/* End PBXFileReference section */

/* Begin PBXFrameworksBuildPhase section */
		2C5545B71C1124DE00728469 /* Frameworks */ = {
			isa = PBXFrameworksBuildPhase;
			buildActionMask = 2147483647;
			files = (
				DF30808D2A56F03C004F580F /* Resource.framework in Frameworks */,
				B0CA2A2C5BBA80CDB404371F /* Pods_SwiftRadio_SwiftRadioUITests.framework in Frameworks */,
			);
			runOnlyForDeploymentPostprocessing = 0;
		};
		9409E1131ABF6FEA00312E2B /* Frameworks */ = {
			isa = PBXFrameworksBuildPhase;
			buildActionMask = 2147483647;
			files = (
				CE37D7B7290F4A9700B0933B /* FRadioPlayer in Frameworks */,
				CE6036232A48C51A00E15E15 /* NVActivityIndicatorViewExtended in Frameworks */,
				CE37D7B4290F47E000B0933B /* Spring in Frameworks */,
				CE6036212A48C51A00E15E15 /* NVActivityIndicatorView in Frameworks */,
				DF3C0A9C2A56ECD5000E1003 /* Resource.framework in Frameworks */,
				794CA8BCEF41BBB2C490DD58 /* Pods_SwiftRadio.framework in Frameworks */,
			);
			runOnlyForDeploymentPostprocessing = 0;
		};
		CE6A3E42291F376D0058C82A /* Frameworks */ = {
			isa = PBXFrameworksBuildPhase;
			buildActionMask = 2147483647;
			files = (
				CE6A3E43291F376D0058C82A /* FRadioPlayer in Frameworks */,
				CE60362A2A48F70A00E15E15 /* NVActivityIndicatorViewExtended in Frameworks */,
				CE6A3E44291F376D0058C82A /* Spring in Frameworks */,
				CE6036282A48F70A00E15E15 /* NVActivityIndicatorView in Frameworks */,
				2F5C26CACB9661BBC4E2FD08 /* Pods_SwiftRadio_CarPlay.framework in Frameworks */,
			);
			runOnlyForDeploymentPostprocessing = 0;
		};
		DF3C0A842A56ECD4000E1003 /* Frameworks */ = {
			isa = PBXFrameworksBuildPhase;
			buildActionMask = 2147483647;
			files = (
				F6326DEA25BD750DC6B7DF85 /* Pods_Resource.framework in Frameworks */,
			);
			runOnlyForDeploymentPostprocessing = 0;
		};
		DF3C0A8D2A56ECD5000E1003 /* Frameworks */ = {
			isa = PBXFrameworksBuildPhase;
			buildActionMask = 2147483647;
			files = (
				DF3C0A912A56ECD5000E1003 /* Resource.framework in Frameworks */,
				60C262681E762A95174C46D1 /* Pods_Resource_ResourceTests.framework in Frameworks */,
			);
			runOnlyForDeploymentPostprocessing = 0;
		};
/* End PBXFrameworksBuildPhase section */

/* Begin PBXGroup section */
		2C5545BB1C1124DE00728469 /* SwiftRadioUITests */ = {
			isa = PBXGroup;
			children = (
				2C5545BC1C1124DE00728469 /* SwiftRadioUITests.swift */,
				DF7D9CBF2A544FA70007819D /* StationViewControllerTest.swift */,
				DFB4FB442A56E0760057D4D4 /* StationViewControllerScreen.swift */,
				2C5545BE1C1124DE00728469 /* Info.plist */,
			);
			path = SwiftRadioUITests;
			sourceTree = "<group>";
		};
		9409E10D1ABF6FE900312E2B = {
			isa = PBXGroup;
			children = (
				9409E1181ABF6FEA00312E2B /* SwiftRadio */,
				2C5545BB1C1124DE00728469 /* SwiftRadioUITests */,
				DF3C0A882A56ECD4000E1003 /* Resource */,
				9409E1171ABF6FEA00312E2B /* Products */,
				CE6036262A48F70A00E15E15 /* Frameworks */,
				B17D1AE3CBCC66EE5F366507 /* Pods */,
			);
			sourceTree = "<group>";
		};
		9409E1171ABF6FEA00312E2B /* Products */ = {
			isa = PBXGroup;
			children = (
				9409E1161ABF6FEA00312E2B /* SwiftRadio.app */,
				2C5545BA1C1124DE00728469 /* SwiftRadioUITests.xctest */,
				CE6A3E4F291F376D0058C82A /* SwiftRadio-CarPlay.app */,
				DF3C0A872A56ECD4000E1003 /* Resource.framework */,
				DF3C0A902A56ECD5000E1003 /* ResourceTests.xctest */,
			);
			name = Products;
			sourceTree = "<group>";
		};
		9409E1181ABF6FEA00312E2B /* SwiftRadio */ = {
			isa = PBXGroup;
			children = (
				DF07785C2A53047F006D21F7 /* Resources */,
				CE0A4994291F3A220071C0CC /* SwiftRadio.entitlements */,
				CE0A4993291F39660071C0CC /* CarPlay */,
				CE8062F7291EF5D9008BD097 /* Helpers */,
				CE6ECCF8292F139D008B3C16 /* Coordinators */,
				CE60361B2A48C43D00E15E15 /* Views */,
				CE8062F6291EF5B3008BD097 /* ViewControllers */,
				CE8062F5291EF598008BD097 /* Model */,
				CE8062F4291EF57D008BD097 /* Data */,
				CE8062F3291EF566008BD097 /* Networking */,
				CE8062F2291EF545008BD097 /* Cells */,
				94D260901B45D20000DE671C /* Config.swift */,
				9409E11B1ABF6FEA00312E2B /* AppDelegate.swift */,
				CF72ACE621F714D000461EED /* Main.storyboard */,
				9409E1251ABF6FEA00312E2B /* Images.xcassets */,
				9409E11A1ABF6FEA00312E2B /* Info.plist */,
				CEA82F492921F260009E9FA0 /* Info-CarPlay.plist */,
				5FDEE0211F72FF980064333C /* LaunchScreen.storyboard */,
			);
			path = SwiftRadio;
			sourceTree = "<group>";
		};
		B17D1AE3CBCC66EE5F366507 /* Pods */ = {
			isa = PBXGroup;
			children = (
				3D084BAE21FDAF23899FBF84 /* Pods-Resource.debug.xcconfig */,
				B419A2675D4933C237BD6031 /* Pods-Resource.release.xcconfig */,
				BCC7CF4DD12CE84E5147F51F /* Pods-Resource-ResourceTests.debug.xcconfig */,
				B95FD9EADC28531552C93144 /* Pods-Resource-ResourceTests.release.xcconfig */,
				49A1D5BFD99E7E268B263247 /* Pods-SwiftRadio.debug.xcconfig */,
				74D6939A2DCB22491F5B4784 /* Pods-SwiftRadio.release.xcconfig */,
				BD0C209CFDE4A3AF562C7E37 /* Pods-SwiftRadio-CarPlay.debug.xcconfig */,
				211B8C8732B2876E29264F5B /* Pods-SwiftRadio-CarPlay.release.xcconfig */,
				BD758358DCA3A8416B8A63BB /* Pods-SwiftRadio-SwiftRadioUITests.debug.xcconfig */,
				6A76F48C04C621F3A9FF5F53 /* Pods-SwiftRadio-SwiftRadioUITests.release.xcconfig */,
			);
			path = Pods;
			sourceTree = "<group>";
		};
		CE0A4993291F39660071C0CC /* CarPlay */ = {
			isa = PBXGroup;
			children = (
				CE0A4995291F3AD40071C0CC /* AppDelegate+CarPlay.swift */,
			);
			path = CarPlay;
			sourceTree = "<group>";
		};
		CE60361B2A48C43D00E15E15 /* Views */ = {
			isa = PBXGroup;
			children = (
				6258DCD722D93A3500166C65 /* LogoShareView.swift */,
				6258DCD922D93A5400166C65 /* LogoShareView.xib */,
				CE60361C2A48C4A400E15E15 /* NowPlayingView.swift */,
			);
			path = Views;
			sourceTree = "<group>";
		};
		CE6036262A48F70A00E15E15 /* Frameworks */ = {
			isa = PBXGroup;
			children = (
				0981830EF10DE7964F6D362A /* Pods_Resource.framework */,
				1119DA7D5942D55A106A48EA /* Pods_Resource_ResourceTests.framework */,
				4E7C072CCB4A78D8EB6B9C13 /* Pods_SwiftRadio.framework */,
				4BAEE43CBC31F0BF3F6370E9 /* Pods_SwiftRadio_CarPlay.framework */,
				8185722D4F95EECE5A3C09E7 /* Pods_SwiftRadio_SwiftRadioUITests.framework */,
			);
			name = Frameworks;
			sourceTree = "<group>";
		};
		CE6ECCF8292F139D008B3C16 /* Coordinators */ = {
			isa = PBXGroup;
			children = (
				CE6ECCF9292F13DF008B3C16 /* Coordinator.swift */,
				CE6ECCFC292F1445008B3C16 /* MainCoordinator.swift */,
			);
			path = Coordinators;
			sourceTree = "<group>";
		};
		CE8062F2291EF545008BD097 /* Cells */ = {
			isa = PBXGroup;
			children = (
				945DB3C41AD5A6E200495EBB /* NothingFoundCell.xib */,
				CE6036152A47B88600E15E15 /* StationTableViewCell.swift */,
			);
			path = Cells;
			sourceTree = "<group>";
		};
		CE8062F3291EF566008BD097 /* Networking */ = {
			isa = PBXGroup;
			children = (
				949BBB3F1ACC9DEE005B7C26 /* DataManager.swift */,
			);
			path = Networking;
			sourceTree = "<group>";
		};
		CE8062F4291EF57D008BD097 /* Data */ = {
			isa = PBXGroup;
			children = (
				945DB3C11AD58E3A00495EBB /* stations.json */,
			);
			path = Data;
			sourceTree = "<group>";
		};
		CE8062F5291EF598008BD097 /* Model */ = {
			isa = PBXGroup;
			children = (
				94AC70AD1AD05C6200652982 /* RadioStation.swift */,
				CE963ECB29135A6F004F299E /* StationsManager.swift */,
			);
			path = Model;
			sourceTree = "<group>";
		};
		CE8062F6291EF5B3008BD097 /* ViewControllers */ = {
			isa = PBXGroup;
			children = (
				CE9EE8DD293BB41300F62041 /* BaseController.swift */,
				CE9EE8E0293C048A00F62041 /* LoaderController.swift */,
				DF07785F2A5318E9006D21F7 /* Test.swift */,
				94452E541AD7086800BFE7A5 /* AboutViewController.swift */,
				94D1D0A41AD6D6230022CA11 /* InfoDetailViewController.swift */,
				94452E4E1AD6F24700BFE7A5 /* PopUpMenuViewController.swift */,
				9409E13F1ABF78B000312E2B /* NowPlayingViewController.swift */,
				CE6036122A47A87A00E15E15 /* StationsViewController.swift */,
			);
			path = ViewControllers;
			sourceTree = "<group>";
		};
		CE8062F7291EF5D9008BD097 /* Helpers */ = {
			isa = PBXGroup;
			children = (
				CE6ECCFF292F215F008B3C16 /* Storyboard.swift */,
				CEDABBEA291217AF00C0367F /* UIImageView+Cache.swift */,
				CEDABBEC29121BBA00C0367F /* UIImage+Cache.swift */,
				CE6ECD02292F358C008B3C16 /* UIViewController+Email.swift */,
				94D260951B45E3FA00DE671C /* AnimationFrames.swift */,
				94E9761B1B1A8F3200F52B1E /* UIImage+DropShadow.swift */,
				53113F38230C720900462C0E /* ShareActivity.swift */,
				CED6353A293081ED002B216F /* Handoffable.swift */,
				CE321FF229371140001572BD /* Bundle+appName.swift */,
				CE6036182A48BA2500E15E15 /* UITableViewCell+reuseIdentifier.swift */,
			);
			path = Helpers;
			sourceTree = "<group>";
		};
		DF07785C2A53047F006D21F7 /* Resources */ = {
			isa = PBXGroup;
			children = (
				DF07785D2A5304A6006D21F7 /* Accessibility.swift */,
			);
			path = Resources;
			sourceTree = "<group>";
		};
		DF3C0A882A56ECD4000E1003 /* Resource */ = {
			isa = PBXGroup;
			children = (
				DF3C0A892A56ECD4000E1003 /* Resource.h */,
				DF3C0A8A2A56ECD4000E1003 /* Resource.docc */,
			);
			path = Resource;
			sourceTree = "<group>";
		};
/* End PBXGroup section */

/* Begin PBXHeadersBuildPhase section */
		DF3C0A822A56ECD4000E1003 /* Headers */ = {
			isa = PBXHeadersBuildPhase;
			buildActionMask = 2147483647;
			files = (
				DF3C0A992A56ECD5000E1003 /* Resource.h in Headers */,
			);
			runOnlyForDeploymentPostprocessing = 0;
		};
/* End PBXHeadersBuildPhase section */

/* Begin PBXNativeTarget section */
		2C5545B91C1124DE00728469 /* SwiftRadioUITests */ = {
			isa = PBXNativeTarget;
			buildConfigurationList = 2C5545C31C1124DE00728469 /* Build configuration list for PBXNativeTarget "SwiftRadioUITests" */;
			buildPhases = (
				492AE4424D5B2150344184DC /* [CP] Check Pods Manifest.lock */,
				2C5545B61C1124DE00728469 /* Sources */,
				2C5545B71C1124DE00728469 /* Frameworks */,
				2C5545B81C1124DE00728469 /* Resources */,
			);
			buildRules = (
			);
			dependencies = (
				2C5545C01C1124DE00728469 /* PBXTargetDependency */,
			);
			name = SwiftRadioUITests;
			productName = SwiftRadioUITests;
			productReference = 2C5545BA1C1124DE00728469 /* SwiftRadioUITests.xctest */;
			productType = "com.apple.product-type.bundle.ui-testing";
		};
		9409E1151ABF6FEA00312E2B /* SwiftRadio */ = {
			isa = PBXNativeTarget;
			buildConfigurationList = 9409E1381ABF6FEA00312E2B /* Build configuration list for PBXNativeTarget "SwiftRadio" */;
			buildPhases = (
				EFE37C62A84BFD2F8E5E8A76 /* [CP] Check Pods Manifest.lock */,
				9409E1121ABF6FEA00312E2B /* Sources */,
				9409E1131ABF6FEA00312E2B /* Frameworks */,
				9409E1141ABF6FEA00312E2B /* Resources */,
				DF3C0AA12A56ECD5000E1003 /* Embed Frameworks */,
			);
			buildRules = (
			);
			dependencies = (
				DF3C0A9B2A56ECD5000E1003 /* PBXTargetDependency */,
			);
			name = SwiftRadio;
			packageProductDependencies = (
				CE37D7B3290F47E000B0933B /* Spring */,
				CE37D7B6290F4A9700B0933B /* FRadioPlayer */,
				CE6036202A48C51A00E15E15 /* NVActivityIndicatorView */,
				CE6036222A48C51A00E15E15 /* NVActivityIndicatorViewExtended */,
			);
			productName = RadioPro;
			productReference = 9409E1161ABF6FEA00312E2B /* SwiftRadio.app */;
			productType = "com.apple.product-type.application";
		};
		CE6A3E2B291F376D0058C82A /* SwiftRadio-CarPlay */ = {
			isa = PBXNativeTarget;
			buildConfigurationList = CE6A3E4C291F376D0058C82A /* Build configuration list for PBXNativeTarget "SwiftRadio-CarPlay" */;
			buildPhases = (
				974EEBC64254355317B10026 /* [CP] Check Pods Manifest.lock */,
				CE6A3E30291F376D0058C82A /* Sources */,
				CE6A3E42291F376D0058C82A /* Frameworks */,
				CE6A3E45291F376D0058C82A /* Resources */,
			);
			buildRules = (
			);
			dependencies = (
			);
			name = "SwiftRadio-CarPlay";
			packageProductDependencies = (
				CE6A3E2C291F376D0058C82A /* Spring */,
				CE6A3E2E291F376D0058C82A /* FRadioPlayer */,
				CE6036272A48F70A00E15E15 /* NVActivityIndicatorView */,
				CE6036292A48F70A00E15E15 /* NVActivityIndicatorViewExtended */,
			);
			productName = RadioPro;
			productReference = CE6A3E4F291F376D0058C82A /* SwiftRadio-CarPlay.app */;
			productType = "com.apple.product-type.application";
		};
		DF3C0A862A56ECD4000E1003 /* Resource */ = {
			isa = PBXNativeTarget;
			buildConfigurationList = DF3C0A9E2A56ECD5000E1003 /* Build configuration list for PBXNativeTarget "Resource" */;
			buildPhases = (
				027A80E7A41495C5A3FE93EC /* [CP] Check Pods Manifest.lock */,
				DF3C0A822A56ECD4000E1003 /* Headers */,
				DF3C0A832A56ECD4000E1003 /* Sources */,
				DF3C0A842A56ECD4000E1003 /* Frameworks */,
				DF3C0A852A56ECD4000E1003 /* Resources */,
			);
			buildRules = (
			);
			dependencies = (
			);
			name = Resource;
			productName = Resource;
			productReference = DF3C0A872A56ECD4000E1003 /* Resource.framework */;
			productType = "com.apple.product-type.framework";
		};
		DF3C0A8F2A56ECD5000E1003 /* ResourceTests */ = {
			isa = PBXNativeTarget;
			buildConfigurationList = DF3C0AA22A56ECD5000E1003 /* Build configuration list for PBXNativeTarget "ResourceTests" */;
			buildPhases = (
				7078FEE959712A1AA64FE0A8 /* [CP] Check Pods Manifest.lock */,
				DF3C0A8C2A56ECD5000E1003 /* Sources */,
				DF3C0A8D2A56ECD5000E1003 /* Frameworks */,
				DF3C0A8E2A56ECD5000E1003 /* Resources */,
			);
			buildRules = (
			);
			dependencies = (
				DF3C0A932A56ECD5000E1003 /* PBXTargetDependency */,
				DF3C0A952A56ECD5000E1003 /* PBXTargetDependency */,
			);
			name = ResourceTests;
			productName = ResourceTests;
			productReference = DF3C0A902A56ECD5000E1003 /* ResourceTests.xctest */;
			productType = "com.apple.product-type.bundle.unit-test";
		};
/* End PBXNativeTarget section */

/* Begin PBXProject section */
		9409E10E1ABF6FE900312E2B /* Project object */ = {
			isa = PBXProject;
			attributes = {
				BuildIndependentTargetsInParallel = YES;
				LastSwiftMigration = 0700;
				LastSwiftUpdateCheck = 1430;
				LastUpgradeCheck = 1430;
				ORGANIZATIONNAME = matthewfecher.com;
				TargetAttributes = {
					2C5545B91C1124DE00728469 = {
						CreatedOnToolsVersion = 7.1;
						LastSwiftMigration = 1020;
						TestTargetID = 9409E1151ABF6FEA00312E2B;
					};
					9409E1151ABF6FEA00312E2B = {
						CreatedOnToolsVersion = 6.2;
						LastSwiftMigration = 1020;
						SystemCapabilities = {
							com.apple.BackgroundModes = {
								enabled = 1;
							};
						};
					};
					DF3C0A862A56ECD4000E1003 = {
						CreatedOnToolsVersion = 14.3.1;
					};
					DF3C0A8F2A56ECD5000E1003 = {
						CreatedOnToolsVersion = 14.3.1;
						TestTargetID = 9409E1151ABF6FEA00312E2B;
					};
				};
			};
			buildConfigurationList = 9409E1111ABF6FE900312E2B /* Build configuration list for PBXProject "SwiftRadio" */;
			compatibilityVersion = "Xcode 3.2";
			developmentRegion = en;
			hasScannedForEncodings = 0;
			knownRegions = (
				en,
				Base,
			);
			mainGroup = 9409E10D1ABF6FE900312E2B;
			packageReferences = (
				CE37D7B2290F47E000B0933B /* XCRemoteSwiftPackageReference "Spring" */,
				CE37D7B5290F4A9700B0933B /* XCRemoteSwiftPackageReference "FRadioPlayer" */,
				CE60361F2A48C51A00E15E15 /* XCRemoteSwiftPackageReference "NVActivityIndicatorView" */,
			);
			productRefGroup = 9409E1171ABF6FEA00312E2B /* Products */;
			projectDirPath = "";
			projectRoot = "";
			targets = (
				9409E1151ABF6FEA00312E2B /* SwiftRadio */,
				CE6A3E2B291F376D0058C82A /* SwiftRadio-CarPlay */,
				2C5545B91C1124DE00728469 /* SwiftRadioUITests */,
				DF3C0A862A56ECD4000E1003 /* Resource */,
				DF3C0A8F2A56ECD5000E1003 /* ResourceTests */,
			);
		};
/* End PBXProject section */

/* Begin PBXResourcesBuildPhase section */
		2C5545B81C1124DE00728469 /* Resources */ = {
			isa = PBXResourcesBuildPhase;
			buildActionMask = 2147483647;
			files = (
			);
			runOnlyForDeploymentPostprocessing = 0;
		};
		9409E1141ABF6FEA00312E2B /* Resources */ = {
			isa = PBXResourcesBuildPhase;
			buildActionMask = 2147483647;
			files = (
				CEA82F4A2921F260009E9FA0 /* Info-CarPlay.plist in Resources */,
				945DB3C21AD58E3A00495EBB /* stations.json in Resources */,
				945DB3C51AD5A6E200495EBB /* NothingFoundCell.xib in Resources */,
				6258DCDA22D93A5400166C65 /* LogoShareView.xib in Resources */,
				CF72ACE721F7155200461EED /* Main.storyboard in Resources */,
				5FDEE0221F72FF980064333C /* LaunchScreen.storyboard in Resources */,
				9409E1261ABF6FEA00312E2B /* Images.xcassets in Resources */,
			);
			runOnlyForDeploymentPostprocessing = 0;
		};
		CE6A3E45291F376D0058C82A /* Resources */ = {
			isa = PBXResourcesBuildPhase;
			buildActionMask = 2147483647;
			files = (
				CE6A3E46291F376D0058C82A /* stations.json in Resources */,
				CE6A3E47291F376D0058C82A /* NothingFoundCell.xib in Resources */,
				CE6A3E48291F376D0058C82A /* LogoShareView.xib in Resources */,
				CE6A3E49291F376D0058C82A /* Main.storyboard in Resources */,
				CE6A3E4A291F376D0058C82A /* LaunchScreen.storyboard in Resources */,
				CE6A3E4B291F376D0058C82A /* Images.xcassets in Resources */,
			);
			runOnlyForDeploymentPostprocessing = 0;
		};
		DF3C0A852A56ECD4000E1003 /* Resources */ = {
			isa = PBXResourcesBuildPhase;
			buildActionMask = 2147483647;
			files = (
			);
			runOnlyForDeploymentPostprocessing = 0;
		};
		DF3C0A8E2A56ECD5000E1003 /* Resources */ = {
			isa = PBXResourcesBuildPhase;
			buildActionMask = 2147483647;
			files = (
			);
			runOnlyForDeploymentPostprocessing = 0;
		};
/* End PBXResourcesBuildPhase section */

/* Begin PBXShellScriptBuildPhase section */
		027A80E7A41495C5A3FE93EC /* [CP] Check Pods Manifest.lock */ = {
			isa = PBXShellScriptBuildPhase;
			buildActionMask = 2147483647;
			files = (
			);
			inputFileListPaths = (
			);
			inputPaths = (
				"${PODS_PODFILE_DIR_PATH}/Podfile.lock",
				"${PODS_ROOT}/Manifest.lock",
			);
			name = "[CP] Check Pods Manifest.lock";
			outputFileListPaths = (
			);
			outputPaths = (
				"$(DERIVED_FILE_DIR)/Pods-Resource-checkManifestLockResult.txt",
			);
			runOnlyForDeploymentPostprocessing = 0;
			shellPath = /bin/sh;
			shellScript = "diff \"${PODS_PODFILE_DIR_PATH}/Podfile.lock\" \"${PODS_ROOT}/Manifest.lock\" > /dev/null\nif [ $? != 0 ] ; then\n    # print error to STDERR\n    echo \"error: The sandbox is not in sync with the Podfile.lock. Run 'pod install' or update your CocoaPods installation.\" >&2\n    exit 1\nfi\n# This output is used by Xcode 'outputs' to avoid re-running this script phase.\necho \"SUCCESS\" > \"${SCRIPT_OUTPUT_FILE_0}\"\n";
			showEnvVarsInLog = 0;
		};
		492AE4424D5B2150344184DC /* [CP] Check Pods Manifest.lock */ = {
			isa = PBXShellScriptBuildPhase;
			buildActionMask = 2147483647;
			files = (
			);
			inputFileListPaths = (
			);
			inputPaths = (
				"${PODS_PODFILE_DIR_PATH}/Podfile.lock",
				"${PODS_ROOT}/Manifest.lock",
			);
			name = "[CP] Check Pods Manifest.lock";
			outputFileListPaths = (
			);
			outputPaths = (
				"$(DERIVED_FILE_DIR)/Pods-SwiftRadio-SwiftRadioUITests-checkManifestLockResult.txt",
			);
			runOnlyForDeploymentPostprocessing = 0;
			shellPath = /bin/sh;
			shellScript = "diff \"${PODS_PODFILE_DIR_PATH}/Podfile.lock\" \"${PODS_ROOT}/Manifest.lock\" > /dev/null\nif [ $? != 0 ] ; then\n    # print error to STDERR\n    echo \"error: The sandbox is not in sync with the Podfile.lock. Run 'pod install' or update your CocoaPods installation.\" >&2\n    exit 1\nfi\n# This output is used by Xcode 'outputs' to avoid re-running this script phase.\necho \"SUCCESS\" > \"${SCRIPT_OUTPUT_FILE_0}\"\n";
			showEnvVarsInLog = 0;
		};
		7078FEE959712A1AA64FE0A8 /* [CP] Check Pods Manifest.lock */ = {
			isa = PBXShellScriptBuildPhase;
			buildActionMask = 2147483647;
			files = (
			);
			inputFileListPaths = (
			);
			inputPaths = (
				"${PODS_PODFILE_DIR_PATH}/Podfile.lock",
				"${PODS_ROOT}/Manifest.lock",
			);
			name = "[CP] Check Pods Manifest.lock";
			outputFileListPaths = (
			);
			outputPaths = (
				"$(DERIVED_FILE_DIR)/Pods-Resource-ResourceTests-checkManifestLockResult.txt",
			);
			runOnlyForDeploymentPostprocessing = 0;
			shellPath = /bin/sh;
			shellScript = "diff \"${PODS_PODFILE_DIR_PATH}/Podfile.lock\" \"${PODS_ROOT}/Manifest.lock\" > /dev/null\nif [ $? != 0 ] ; then\n    # print error to STDERR\n    echo \"error: The sandbox is not in sync with the Podfile.lock. Run 'pod install' or update your CocoaPods installation.\" >&2\n    exit 1\nfi\n# This output is used by Xcode 'outputs' to avoid re-running this script phase.\necho \"SUCCESS\" > \"${SCRIPT_OUTPUT_FILE_0}\"\n";
			showEnvVarsInLog = 0;
		};
		974EEBC64254355317B10026 /* [CP] Check Pods Manifest.lock */ = {
			isa = PBXShellScriptBuildPhase;
			buildActionMask = 2147483647;
			files = (
			);
			inputFileListPaths = (
			);
			inputPaths = (
				"${PODS_PODFILE_DIR_PATH}/Podfile.lock",
				"${PODS_ROOT}/Manifest.lock",
			);
			name = "[CP] Check Pods Manifest.lock";
			outputFileListPaths = (
			);
			outputPaths = (
				"$(DERIVED_FILE_DIR)/Pods-SwiftRadio-CarPlay-checkManifestLockResult.txt",
			);
			runOnlyForDeploymentPostprocessing = 0;
			shellPath = /bin/sh;
			shellScript = "diff \"${PODS_PODFILE_DIR_PATH}/Podfile.lock\" \"${PODS_ROOT}/Manifest.lock\" > /dev/null\nif [ $? != 0 ] ; then\n    # print error to STDERR\n    echo \"error: The sandbox is not in sync with the Podfile.lock. Run 'pod install' or update your CocoaPods installation.\" >&2\n    exit 1\nfi\n# This output is used by Xcode 'outputs' to avoid re-running this script phase.\necho \"SUCCESS\" > \"${SCRIPT_OUTPUT_FILE_0}\"\n";
			showEnvVarsInLog = 0;
		};
		EFE37C62A84BFD2F8E5E8A76 /* [CP] Check Pods Manifest.lock */ = {
			isa = PBXShellScriptBuildPhase;
			buildActionMask = 2147483647;
			files = (
			);
			inputFileListPaths = (
			);
			inputPaths = (
				"${PODS_PODFILE_DIR_PATH}/Podfile.lock",
				"${PODS_ROOT}/Manifest.lock",
			);
			name = "[CP] Check Pods Manifest.lock";
			outputFileListPaths = (
			);
			outputPaths = (
				"$(DERIVED_FILE_DIR)/Pods-SwiftRadio-checkManifestLockResult.txt",
			);
			runOnlyForDeploymentPostprocessing = 0;
			shellPath = /bin/sh;
			shellScript = "diff \"${PODS_PODFILE_DIR_PATH}/Podfile.lock\" \"${PODS_ROOT}/Manifest.lock\" > /dev/null\nif [ $? != 0 ] ; then\n    # print error to STDERR\n    echo \"error: The sandbox is not in sync with the Podfile.lock. Run 'pod install' or update your CocoaPods installation.\" >&2\n    exit 1\nfi\n# This output is used by Xcode 'outputs' to avoid re-running this script phase.\necho \"SUCCESS\" > \"${SCRIPT_OUTPUT_FILE_0}\"\n";
			showEnvVarsInLog = 0;
		};
/* End PBXShellScriptBuildPhase section */

/* Begin PBXSourcesBuildPhase section */
		2C5545B61C1124DE00728469 /* Sources */ = {
			isa = PBXSourcesBuildPhase;
			buildActionMask = 2147483647;
			files = (
				DFB4FB452A56E0760057D4D4 /* StationViewControllerScreen.swift in Sources */,
				DF7D9CC02A544FA70007819D /* StationViewControllerTest.swift in Sources */,
				2C5545BD1C1124DE00728469 /* SwiftRadioUITests.swift in Sources */,
			);
			runOnlyForDeploymentPostprocessing = 0;
		};
		9409E1121ABF6FEA00312E2B /* Sources */ = {
			isa = PBXSourcesBuildPhase;
			buildActionMask = 2147483647;
			files = (
				94D260911B45D20000DE671C /* Config.swift in Sources */,
				CE6036192A48BA2500E15E15 /* UITableViewCell+reuseIdentifier.swift in Sources */,
				CE6036162A47B88600E15E15 /* StationTableViewCell.swift in Sources */,
				CE9EE8DE293BB41300F62041 /* BaseController.swift in Sources */,
				53113F39230C720900462C0E /* ShareActivity.swift in Sources */,
				9409E1401ABF78B000312E2B /* NowPlayingViewController.swift in Sources */,
				CE963ECC29135A6F004F299E /* StationsManager.swift in Sources */,
				CE0A4997291F3B080071C0CC /* AppDelegate+CarPlay.swift in Sources */,
				CE321FF329371140001572BD /* Bundle+appName.swift in Sources */,
				CE6ECCFA292F13DF008B3C16 /* Coordinator.swift in Sources */,
				94D1D0A51AD6D6230022CA11 /* InfoDetailViewController.swift in Sources */,
				6258DCD822D93A3500166C65 /* LogoShareView.swift in Sources */,
				949BBB401ACC9DEE005B7C26 /* DataManager.swift in Sources */,
				CE6ECD00292F215F008B3C16 /* Storyboard.swift in Sources */,
				94E9761C1B1A8F3200F52B1E /* UIImage+DropShadow.swift in Sources */,
				94452E551AD7086800BFE7A5 /* AboutViewController.swift in Sources */,
				CED6353B293081ED002B216F /* Handoffable.swift in Sources */,
				DF0778602A5318E9006D21F7 /* Test.swift in Sources */,
				94452E4F1AD6F24700BFE7A5 /* PopUpMenuViewController.swift in Sources */,
				CE6ECCFD292F1445008B3C16 /* MainCoordinator.swift in Sources */,
				9409E11C1ABF6FEA00312E2B /* AppDelegate.swift in Sources */,
				94D260961B45E3FA00DE671C /* AnimationFrames.swift in Sources */,
				CE6ECD03292F358C008B3C16 /* UIViewController+Email.swift in Sources */,
				CEDABBED29121BBA00C0367F /* UIImage+Cache.swift in Sources */,
				CE6036252A48F68D00E15E15 /* NowPlayingView.swift in Sources */,
				94AC70AE1AD05C6200652982 /* RadioStation.swift in Sources */,
				CE9EE8E1293C048A00F62041 /* LoaderController.swift in Sources */,
				CEDABBEB291217AF00C0367F /* UIImageView+Cache.swift in Sources */,
				DF07785E2A5304A6006D21F7 /* Accessibility.swift in Sources */,
				CE6036132A47A87A00E15E15 /* StationsViewController.swift in Sources */,
			);
			runOnlyForDeploymentPostprocessing = 0;
		};
		CE6A3E30291F376D0058C82A /* Sources */ = {
			isa = PBXSourcesBuildPhase;
			buildActionMask = 2147483647;
			files = (
				CE6A3E31291F376D0058C82A /* Config.swift in Sources */,
				CE60361A2A48BA2500E15E15 /* UITableViewCell+reuseIdentifier.swift in Sources */,
				CE6036172A47B88600E15E15 /* StationTableViewCell.swift in Sources */,
				CE9EE8DF293BB41300F62041 /* BaseController.swift in Sources */,
				CE6A3E33291F376D0058C82A /* ShareActivity.swift in Sources */,
				CE6A3E34291F376D0058C82A /* NowPlayingViewController.swift in Sources */,
				CE6A3E35291F376D0058C82A /* StationsManager.swift in Sources */,
				CE0A4996291F3AD40071C0CC /* AppDelegate+CarPlay.swift in Sources */,
				CE321FF429371140001572BD /* Bundle+appName.swift in Sources */,
				CE6ECCFB292F13E6008B3C16 /* Coordinator.swift in Sources */,
				CE6A3E36291F376D0058C82A /* InfoDetailViewController.swift in Sources */,
				CE6A3E37291F376D0058C82A /* LogoShareView.swift in Sources */,
				CE6A3E38291F376D0058C82A /* DataManager.swift in Sources */,
				CE6ECD01292F215F008B3C16 /* Storyboard.swift in Sources */,
				CE6A3E39291F376D0058C82A /* UIImage+DropShadow.swift in Sources */,
				CE6A3E3A291F376D0058C82A /* AboutViewController.swift in Sources */,
				CED6353C293081ED002B216F /* Handoffable.swift in Sources */,
				CE6A3E3B291F376D0058C82A /* PopUpMenuViewController.swift in Sources */,
				CE6ECCFE292F1448008B3C16 /* MainCoordinator.swift in Sources */,
				CE6A3E3C291F376D0058C82A /* AppDelegate.swift in Sources */,
				CE6A3E3D291F376D0058C82A /* AnimationFrames.swift in Sources */,
				CE6ECD04292F358C008B3C16 /* UIViewController+Email.swift in Sources */,
				CE6A3E3E291F376D0058C82A /* UIImage+Cache.swift in Sources */,
				CE6036242A48F68D00E15E15 /* NowPlayingView.swift in Sources */,
				CE6A3E40291F376D0058C82A /* RadioStation.swift in Sources */,
				CE9EE8E2293C048A00F62041 /* LoaderController.swift in Sources */,
				CE6A3E41291F376D0058C82A /* UIImageView+Cache.swift in Sources */,
				CE6036142A47A87A00E15E15 /* StationsViewController.swift in Sources */,
			);
			runOnlyForDeploymentPostprocessing = 0;
		};
		DF3C0A832A56ECD4000E1003 /* Sources */ = {
			isa = PBXSourcesBuildPhase;
			buildActionMask = 2147483647;
			files = (
				DF3C0A8B2A56ECD4000E1003 /* Resource.docc in Sources */,
			);
			runOnlyForDeploymentPostprocessing = 0;
		};
		DF3C0A8C2A56ECD5000E1003 /* Sources */ = {
			isa = PBXSourcesBuildPhase;
			buildActionMask = 2147483647;
			files = (
			);
			runOnlyForDeploymentPostprocessing = 0;
		};
/* End PBXSourcesBuildPhase section */

/* Begin PBXTargetDependency section */
		2C5545C01C1124DE00728469 /* PBXTargetDependency */ = {
			isa = PBXTargetDependency;
			target = 9409E1151ABF6FEA00312E2B /* SwiftRadio */;
			targetProxy = 2C5545BF1C1124DE00728469 /* PBXContainerItemProxy */;
		};
		DF3C0A932A56ECD5000E1003 /* PBXTargetDependency */ = {
			isa = PBXTargetDependency;
			target = DF3C0A862A56ECD4000E1003 /* Resource */;
			targetProxy = DF3C0A922A56ECD5000E1003 /* PBXContainerItemProxy */;
		};
		DF3C0A952A56ECD5000E1003 /* PBXTargetDependency */ = {
			isa = PBXTargetDependency;
			target = 9409E1151ABF6FEA00312E2B /* SwiftRadio */;
			targetProxy = DF3C0A942A56ECD5000E1003 /* PBXContainerItemProxy */;
		};
		DF3C0A9B2A56ECD5000E1003 /* PBXTargetDependency */ = {
			isa = PBXTargetDependency;
			target = DF3C0A862A56ECD4000E1003 /* Resource */;
			targetProxy = DF3C0A9A2A56ECD5000E1003 /* PBXContainerItemProxy */;
		};
/* End PBXTargetDependency section */

/* Begin XCBuildConfiguration section */
		2C5545C11C1124DE00728469 /* Debug */ = {
			isa = XCBuildConfiguration;
			baseConfigurationReference = BD758358DCA3A8416B8A63BB /* Pods-SwiftRadio-SwiftRadioUITests.debug.xcconfig */;
			buildSettings = {
				DEBUG_INFORMATION_FORMAT = dwarf;
				DEVELOPMENT_TEAM = GP7Y4T75U2;
				FRAMEWORK_SEARCH_PATHS = (
					"$(inherited)",
					"$(PROJECT_DIR)",
					"$(PROJECT_DIR)/SwiftRadio/Resources",
				);
				GCC_NO_COMMON_BLOCKS = YES;
				INFOPLIST_FILE = SwiftRadioUITests/Info.plist;
				IPHONEOS_DEPLOYMENT_TARGET = 13.0;
				LD_RUNPATH_SEARCH_PATHS = (
					"$(inherited)",
					"@executable_path/Frameworks",
					"@loader_path/Frameworks",
				);
				PRODUCT_BUNDLE_IDENTIFIER = jonah.SwiftRadioUITests;
				PRODUCT_NAME = "$(TARGET_NAME)";
				SWIFT_VERSION = 5.0;
				TEST_TARGET_NAME = SwiftRadio;
				USES_XCTRUNNER = YES;
			};
			name = Debug;
		};
		2C5545C21C1124DE00728469 /* Release */ = {
			isa = XCBuildConfiguration;
			baseConfigurationReference = 6A76F48C04C621F3A9FF5F53 /* Pods-SwiftRadio-SwiftRadioUITests.release.xcconfig */;
			buildSettings = {
				DEBUG_INFORMATION_FORMAT = "dwarf-with-dsym";
				DEVELOPMENT_TEAM = GP7Y4T75U2;
				FRAMEWORK_SEARCH_PATHS = (
					"$(inherited)",
					"$(PROJECT_DIR)",
					"$(PROJECT_DIR)/SwiftRadio/Resources",
				);
				GCC_NO_COMMON_BLOCKS = YES;
				INFOPLIST_FILE = SwiftRadioUITests/Info.plist;
				IPHONEOS_DEPLOYMENT_TARGET = 13.0;
				LD_RUNPATH_SEARCH_PATHS = (
					"$(inherited)",
					"@executable_path/Frameworks",
					"@loader_path/Frameworks",
				);
				PRODUCT_BUNDLE_IDENTIFIER = jonah.SwiftRadioUITests;
				PRODUCT_NAME = "$(TARGET_NAME)";
				SWIFT_VERSION = 5.0;
				TEST_TARGET_NAME = SwiftRadio;
				USES_XCTRUNNER = YES;
			};
			name = Release;
		};
		9409E1361ABF6FEA00312E2B /* Debug */ = {
			isa = XCBuildConfiguration;
			buildSettings = {
				ALWAYS_SEARCH_USER_PATHS = NO;
				CLANG_ANALYZER_LOCALIZABILITY_NONLOCALIZED = YES;
				CLANG_CXX_LANGUAGE_STANDARD = "gnu++0x";
				CLANG_CXX_LIBRARY = "libc++";
				CLANG_ENABLE_MODULES = YES;
				CLANG_ENABLE_OBJC_ARC = YES;
				CLANG_WARN_BLOCK_CAPTURE_AUTORELEASING = YES;
				CLANG_WARN_BOOL_CONVERSION = YES;
				CLANG_WARN_COMMA = YES;
				CLANG_WARN_CONSTANT_CONVERSION = YES;
				CLANG_WARN_DEPRECATED_OBJC_IMPLEMENTATIONS = YES;
				CLANG_WARN_DIRECT_OBJC_ISA_USAGE = YES_ERROR;
				CLANG_WARN_EMPTY_BODY = YES;
				CLANG_WARN_ENUM_CONVERSION = YES;
				CLANG_WARN_INFINITE_RECURSION = YES;
				CLANG_WARN_INT_CONVERSION = YES;
				CLANG_WARN_NON_LITERAL_NULL_CONVERSION = YES;
				CLANG_WARN_OBJC_IMPLICIT_RETAIN_SELF = YES;
				CLANG_WARN_OBJC_LITERAL_CONVERSION = YES;
				CLANG_WARN_OBJC_ROOT_CLASS = YES_ERROR;
				CLANG_WARN_QUOTED_INCLUDE_IN_FRAMEWORK_HEADER = YES;
				CLANG_WARN_RANGE_LOOP_ANALYSIS = YES;
				CLANG_WARN_STRICT_PROTOTYPES = YES;
				CLANG_WARN_SUSPICIOUS_MOVE = YES;
				CLANG_WARN_UNREACHABLE_CODE = YES;
				CLANG_WARN__DUPLICATE_METHOD_MATCH = YES;
				"CODE_SIGN_IDENTITY[sdk=iphoneos*]" = "iPhone Developer";
				COPY_PHASE_STRIP = NO;
				ENABLE_STRICT_OBJC_MSGSEND = YES;
				ENABLE_TESTABILITY = YES;
				GCC_C_LANGUAGE_STANDARD = gnu99;
				GCC_DYNAMIC_NO_PIC = NO;
				GCC_NO_COMMON_BLOCKS = YES;
				GCC_OPTIMIZATION_LEVEL = 0;
				GCC_PREPROCESSOR_DEFINITIONS = (
					"DEBUG=1",
					"$(inherited)",
				);
				GCC_SYMBOLS_PRIVATE_EXTERN = NO;
				GCC_WARN_64_TO_32_BIT_CONVERSION = YES;
				GCC_WARN_ABOUT_RETURN_TYPE = YES_ERROR;
				GCC_WARN_UNDECLARED_SELECTOR = YES;
				GCC_WARN_UNINITIALIZED_AUTOS = YES_AGGRESSIVE;
				GCC_WARN_UNUSED_FUNCTION = YES;
				GCC_WARN_UNUSED_VARIABLE = YES;
				IPHONEOS_DEPLOYMENT_TARGET = 14.0;
				MTL_ENABLE_DEBUG_INFO = YES;
				ONLY_ACTIVE_ARCH = YES;
				SDKROOT = iphoneos;
				SWIFT_OPTIMIZATION_LEVEL = "-Onone";
			};
			name = Debug;
		};
		9409E1371ABF6FEA00312E2B /* Release */ = {
			isa = XCBuildConfiguration;
			buildSettings = {
				ALWAYS_SEARCH_USER_PATHS = NO;
				CLANG_ANALYZER_LOCALIZABILITY_NONLOCALIZED = YES;
				CLANG_CXX_LANGUAGE_STANDARD = "gnu++0x";
				CLANG_CXX_LIBRARY = "libc++";
				CLANG_ENABLE_MODULES = YES;
				CLANG_ENABLE_OBJC_ARC = YES;
				CLANG_WARN_BLOCK_CAPTURE_AUTORELEASING = YES;
				CLANG_WARN_BOOL_CONVERSION = YES;
				CLANG_WARN_COMMA = YES;
				CLANG_WARN_CONSTANT_CONVERSION = YES;
				CLANG_WARN_DEPRECATED_OBJC_IMPLEMENTATIONS = YES;
				CLANG_WARN_DIRECT_OBJC_ISA_USAGE = YES_ERROR;
				CLANG_WARN_EMPTY_BODY = YES;
				CLANG_WARN_ENUM_CONVERSION = YES;
				CLANG_WARN_INFINITE_RECURSION = YES;
				CLANG_WARN_INT_CONVERSION = YES;
				CLANG_WARN_NON_LITERAL_NULL_CONVERSION = YES;
				CLANG_WARN_OBJC_IMPLICIT_RETAIN_SELF = YES;
				CLANG_WARN_OBJC_LITERAL_CONVERSION = YES;
				CLANG_WARN_OBJC_ROOT_CLASS = YES_ERROR;
				CLANG_WARN_QUOTED_INCLUDE_IN_FRAMEWORK_HEADER = YES;
				CLANG_WARN_RANGE_LOOP_ANALYSIS = YES;
				CLANG_WARN_STRICT_PROTOTYPES = YES;
				CLANG_WARN_SUSPICIOUS_MOVE = YES;
				CLANG_WARN_UNREACHABLE_CODE = YES;
				CLANG_WARN__DUPLICATE_METHOD_MATCH = YES;
				"CODE_SIGN_IDENTITY[sdk=iphoneos*]" = "iPhone Developer";
				COPY_PHASE_STRIP = NO;
				ENABLE_NS_ASSERTIONS = NO;
				ENABLE_STRICT_OBJC_MSGSEND = YES;
				GCC_C_LANGUAGE_STANDARD = gnu99;
				GCC_NO_COMMON_BLOCKS = YES;
				GCC_WARN_64_TO_32_BIT_CONVERSION = YES;
				GCC_WARN_ABOUT_RETURN_TYPE = YES_ERROR;
				GCC_WARN_UNDECLARED_SELECTOR = YES;
				GCC_WARN_UNINITIALIZED_AUTOS = YES_AGGRESSIVE;
				GCC_WARN_UNUSED_FUNCTION = YES;
				GCC_WARN_UNUSED_VARIABLE = YES;
				IPHONEOS_DEPLOYMENT_TARGET = 14.0;
				MTL_ENABLE_DEBUG_INFO = NO;
				SDKROOT = iphoneos;
				SWIFT_COMPILATION_MODE = wholemodule;
				SWIFT_OPTIMIZATION_LEVEL = "-O";
				VALIDATE_PRODUCT = YES;
			};
			name = Release;
		};
		9409E1391ABF6FEA00312E2B /* Debug */ = {
			isa = XCBuildConfiguration;
			baseConfigurationReference = 49A1D5BFD99E7E268B263247 /* Pods-SwiftRadio.debug.xcconfig */;
			buildSettings = {
				ASSETCATALOG_COMPILER_APPICON_NAME = AppIcon;
				CODE_SIGN_IDENTITY = "Apple Development";
				CODE_SIGN_STYLE = Automatic;
				CURRENT_PROJECT_VERSION = 6;
				DEFINES_MODULE = YES;
				DEVELOPMENT_TEAM = GP7Y4T75U2;
				ENABLE_MODULE_VERIFIER = YES;
				FRAMEWORK_SEARCH_PATHS = (
					"$(inherited)",
					"$(PROJECT_DIR)/SwiftRadio",
					"$(PROJECT_DIR)",
					"$(PROJECT_DIR)/SwiftRadio/Resources",
				);
				INFOPLIST_FILE = SwiftRadio/Info.plist;
				IPHONEOS_DEPLOYMENT_TARGET = 13.0;
				LD_RUNPATH_SEARCH_PATHS = (
					"$(inherited)",
					"@executable_path/Frameworks",
				);
				MARKETING_VERSION = 2.0.8;
				MODULE_VERIFIER_SUPPORTED_LANGUAGES = "objective-c objective-c++";
				MODULE_VERIFIER_SUPPORTED_LANGUAGE_STANDARDS = "gnu99 gnu++11";
				PRODUCT_BUNDLE_IDENTIFIER = my.SwiftRadio;
				PRODUCT_NAME = SwiftRadio;
				PROVISIONING_PROFILE = "";
				PROVISIONING_PROFILE_SPECIFIER = "";
				SWIFT_INSTALL_OBJC_HEADER = NO;
				SWIFT_VERSION = 5.0;
				TARGETED_DEVICE_FAMILY = "1,2";
			};
			name = Debug;
		};
		9409E13A1ABF6FEA00312E2B /* Release */ = {
			isa = XCBuildConfiguration;
			baseConfigurationReference = 74D6939A2DCB22491F5B4784 /* Pods-SwiftRadio.release.xcconfig */;
			buildSettings = {
				ASSETCATALOG_COMPILER_APPICON_NAME = AppIcon;
				CODE_SIGN_IDENTITY = "Apple Development";
				CODE_SIGN_STYLE = Automatic;
				CURRENT_PROJECT_VERSION = 6;
				DEFINES_MODULE = YES;
				DEVELOPMENT_TEAM = GP7Y4T75U2;
				ENABLE_MODULE_VERIFIER = YES;
				FRAMEWORK_SEARCH_PATHS = (
					"$(inherited)",
					"$(PROJECT_DIR)/SwiftRadio",
					"$(PROJECT_DIR)",
					"$(PROJECT_DIR)/SwiftRadio/Resources",
				);
				INFOPLIST_FILE = SwiftRadio/Info.plist;
				IPHONEOS_DEPLOYMENT_TARGET = 13.0;
				LD_RUNPATH_SEARCH_PATHS = (
					"$(inherited)",
					"@executable_path/Frameworks",
				);
				MARKETING_VERSION = 2.0.8;
				MODULE_VERIFIER_SUPPORTED_LANGUAGES = "objective-c objective-c++";
				MODULE_VERIFIER_SUPPORTED_LANGUAGE_STANDARDS = "gnu99 gnu++11";
				PRODUCT_BUNDLE_IDENTIFIER = my.SwiftRadio;
				PRODUCT_NAME = SwiftRadio;
				PROVISIONING_PROFILE = "";
				PROVISIONING_PROFILE_SPECIFIER = "";
				SWIFT_INSTALL_OBJC_HEADER = NO;
				SWIFT_VERSION = 5.0;
				TARGETED_DEVICE_FAMILY = "1,2";
			};
			name = Release;
		};
		CE6A3E4D291F376D0058C82A /* Debug */ = {
			isa = XCBuildConfiguration;
			baseConfigurationReference = BD0C209CFDE4A3AF562C7E37 /* Pods-SwiftRadio-CarPlay.debug.xcconfig */;
			buildSettings = {
				ASSETCATALOG_COMPILER_APPICON_NAME = AppIcon;
				CODE_SIGN_ENTITLEMENTS = SwiftRadio/SwiftRadio.entitlements;
				CODE_SIGN_IDENTITY = "Apple Development";
				"CODE_SIGN_IDENTITY[sdk=iphoneos*]" = "iPhone Developer";
				CODE_SIGN_STYLE = Manual;
				CURRENT_PROJECT_VERSION = 6;
				DEFINES_MODULE = YES;
				DEVELOPMENT_TEAM = "";
				"DEVELOPMENT_TEAM[sdk=iphoneos*]" = 6G96AERJ7Q;
				ENABLE_MODULE_VERIFIER = YES;
				FRAMEWORK_SEARCH_PATHS = (
					"$(inherited)",
					"$(PROJECT_DIR)/SwiftRadio",
					"$(PROJECT_DIR)",
					"$(PROJECT_DIR)/SwiftRadio/Resources",
				);
				INFOPLIST_FILE = "SwiftRadio/Info-CarPlay.plist";
				IPHONEOS_DEPLOYMENT_TARGET = 13.0;
				LD_RUNPATH_SEARCH_PATHS = (
					"$(inherited)",
					"@executable_path/Frameworks",
				);
				MARKETING_VERSION = 2.0.8;
				MODULE_VERIFIER_SUPPORTED_LANGUAGES = "objective-c objective-c++";
				MODULE_VERIFIER_SUPPORTED_LANGUAGE_STANDARDS = "gnu99 gnu++11";
				OTHER_SWIFT_FLAGS = "-D CarPlay";
				PRODUCT_BUNDLE_IDENTIFIER = com.fethica.SwiftRadio;
				PRODUCT_NAME = "$(TARGET_NAME)";
				PROVISIONING_PROFILE = "";
				PROVISIONING_PROFILE_SPECIFIER = "";
				"PROVISIONING_PROFILE_SPECIFIER[sdk=iphoneos*]" = swiftradiocarplay;
				SWIFT_INSTALL_OBJC_HEADER = NO;
				SWIFT_VERSION = 5.0;
				TARGETED_DEVICE_FAMILY = "1,2";
			};
			name = Debug;
		};
		CE6A3E4E291F376D0058C82A /* Release */ = {
			isa = XCBuildConfiguration;
			baseConfigurationReference = 211B8C8732B2876E29264F5B /* Pods-SwiftRadio-CarPlay.release.xcconfig */;
			buildSettings = {
				ASSETCATALOG_COMPILER_APPICON_NAME = AppIcon;
				CODE_SIGN_ENTITLEMENTS = SwiftRadio/SwiftRadio.entitlements;
				CODE_SIGN_IDENTITY = "Apple Development";
				"CODE_SIGN_IDENTITY[sdk=iphoneos*]" = "iPhone Developer";
				CODE_SIGN_STYLE = Manual;
				CURRENT_PROJECT_VERSION = 6;
				DEFINES_MODULE = YES;
				DEVELOPMENT_TEAM = "";
				"DEVELOPMENT_TEAM[sdk=iphoneos*]" = 6G96AERJ7Q;
				ENABLE_MODULE_VERIFIER = YES;
				FRAMEWORK_SEARCH_PATHS = (
					"$(inherited)",
					"$(PROJECT_DIR)/SwiftRadio",
					"$(PROJECT_DIR)",
					"$(PROJECT_DIR)/SwiftRadio/Resources",
				);
				INFOPLIST_FILE = "SwiftRadio/Info-CarPlay.plist";
				IPHONEOS_DEPLOYMENT_TARGET = 13.0;
				LD_RUNPATH_SEARCH_PATHS = (
					"$(inherited)",
					"@executable_path/Frameworks",
				);
				MARKETING_VERSION = 2.0.8;
				MODULE_VERIFIER_SUPPORTED_LANGUAGES = "objective-c objective-c++";
				MODULE_VERIFIER_SUPPORTED_LANGUAGE_STANDARDS = "gnu99 gnu++11";
				OTHER_SWIFT_FLAGS = "-D CarPlay";
				PRODUCT_BUNDLE_IDENTIFIER = com.fethica.SwiftRadio;
				PRODUCT_NAME = "$(TARGET_NAME)";
				PROVISIONING_PROFILE = "";
				PROVISIONING_PROFILE_SPECIFIER = "";
				"PROVISIONING_PROFILE_SPECIFIER[sdk=iphoneos*]" = swiftradiocarplay;
				SWIFT_INSTALL_OBJC_HEADER = NO;
				SWIFT_VERSION = 5.0;
				TARGETED_DEVICE_FAMILY = "1,2";
			};
			name = Release;
		};
		DF3C0A9F2A56ECD5000E1003 /* Debug */ = {
			isa = XCBuildConfiguration;
			baseConfigurationReference = 3D084BAE21FDAF23899FBF84 /* Pods-Resource.debug.xcconfig */;
			buildSettings = {
				CLANG_ANALYZER_NONNULL = YES;
				CLANG_ANALYZER_NUMBER_OBJECT_CONVERSION = YES_AGGRESSIVE;
				CLANG_CXX_LANGUAGE_STANDARD = "gnu++20";
				CLANG_ENABLE_OBJC_WEAK = YES;
				CLANG_WARN_DOCUMENTATION_COMMENTS = YES;
				CLANG_WARN_UNGUARDED_AVAILABILITY = YES_AGGRESSIVE;
				CODE_SIGN_IDENTITY = "";
				CODE_SIGN_STYLE = Automatic;
				CURRENT_PROJECT_VERSION = 1;
				DEBUG_INFORMATION_FORMAT = dwarf;
				DEFINES_MODULE = YES;
				DEVELOPMENT_TEAM = GP7Y4T75U2;
				DYLIB_COMPATIBILITY_VERSION = 1;
				DYLIB_CURRENT_VERSION = 1;
				DYLIB_INSTALL_NAME_BASE = "@rpath";
				ENABLE_MODULE_VERIFIER = YES;
				GCC_C_LANGUAGE_STANDARD = gnu11;
				GENERATE_INFOPLIST_FILE = YES;
				INFOPLIST_KEY_NSHumanReadableCopyright = "Copyright © 2023 matthewfecher.com. All rights reserved.";
				INSTALL_PATH = "$(LOCAL_LIBRARY_DIR)/Frameworks";
				IPHONEOS_DEPLOYMENT_TARGET = 16.4;
				LD_RUNPATH_SEARCH_PATHS = (
					"$(inherited)",
					"@executable_path/Frameworks",
					"@loader_path/Frameworks",
				);
				MARKETING_VERSION = 1.0;
				MODULE_VERIFIER_SUPPORTED_LANGUAGES = "objective-c objective-c++";
				MODULE_VERIFIER_SUPPORTED_LANGUAGE_STANDARDS = "gnu11 gnu++20";
				MTL_ENABLE_DEBUG_INFO = INCLUDE_SOURCE;
				MTL_FAST_MATH = YES;
				PRODUCT_BUNDLE_IDENTIFIER = popov.Resource;
				PRODUCT_NAME = "$(TARGET_NAME:c99extidentifier)";
				SKIP_INSTALL = YES;
				SWIFT_ACTIVE_COMPILATION_CONDITIONS = DEBUG;
				SWIFT_EMIT_LOC_STRINGS = YES;
				SWIFT_VERSION = 5.0;
				TARGETED_DEVICE_FAMILY = "1,2";
				VERSIONING_SYSTEM = "apple-generic";
				VERSION_INFO_PREFIX = "";
			};
			name = Debug;
		};
		DF3C0AA02A56ECD5000E1003 /* Release */ = {
			isa = XCBuildConfiguration;
			baseConfigurationReference = B419A2675D4933C237BD6031 /* Pods-Resource.release.xcconfig */;
			buildSettings = {
				CLANG_ANALYZER_NONNULL = YES;
				CLANG_ANALYZER_NUMBER_OBJECT_CONVERSION = YES_AGGRESSIVE;
				CLANG_CXX_LANGUAGE_STANDARD = "gnu++20";
				CLANG_ENABLE_OBJC_WEAK = YES;
				CLANG_WARN_DOCUMENTATION_COMMENTS = YES;
				CLANG_WARN_UNGUARDED_AVAILABILITY = YES_AGGRESSIVE;
				CODE_SIGN_IDENTITY = "";
				CODE_SIGN_STYLE = Automatic;
				CURRENT_PROJECT_VERSION = 1;
				DEBUG_INFORMATION_FORMAT = "dwarf-with-dsym";
				DEFINES_MODULE = YES;
				DEVELOPMENT_TEAM = GP7Y4T75U2;
				DYLIB_COMPATIBILITY_VERSION = 1;
				DYLIB_CURRENT_VERSION = 1;
				DYLIB_INSTALL_NAME_BASE = "@rpath";
				ENABLE_MODULE_VERIFIER = YES;
				GCC_C_LANGUAGE_STANDARD = gnu11;
				GENERATE_INFOPLIST_FILE = YES;
				INFOPLIST_KEY_NSHumanReadableCopyright = "Copyright © 2023 matthewfecher.com. All rights reserved.";
				INSTALL_PATH = "$(LOCAL_LIBRARY_DIR)/Frameworks";
				IPHONEOS_DEPLOYMENT_TARGET = 16.4;
				LD_RUNPATH_SEARCH_PATHS = (
					"$(inherited)",
					"@executable_path/Frameworks",
					"@loader_path/Frameworks",
				);
				MARKETING_VERSION = 1.0;
				MODULE_VERIFIER_SUPPORTED_LANGUAGES = "objective-c objective-c++";
				MODULE_VERIFIER_SUPPORTED_LANGUAGE_STANDARDS = "gnu11 gnu++20";
				MTL_FAST_MATH = YES;
				PRODUCT_BUNDLE_IDENTIFIER = popov.Resource;
				PRODUCT_NAME = "$(TARGET_NAME:c99extidentifier)";
				SKIP_INSTALL = YES;
				SWIFT_EMIT_LOC_STRINGS = YES;
				SWIFT_VERSION = 5.0;
				TARGETED_DEVICE_FAMILY = "1,2";
				VERSIONING_SYSTEM = "apple-generic";
				VERSION_INFO_PREFIX = "";
			};
			name = Release;
		};
		DF3C0AA32A56ECD5000E1003 /* Debug */ = {
			isa = XCBuildConfiguration;
			baseConfigurationReference = BCC7CF4DD12CE84E5147F51F /* Pods-Resource-ResourceTests.debug.xcconfig */;
			buildSettings = {
				ALWAYS_EMBED_SWIFT_STANDARD_LIBRARIES = YES;
				CLANG_ANALYZER_NONNULL = YES;
				CLANG_ANALYZER_NUMBER_OBJECT_CONVERSION = YES_AGGRESSIVE;
				CLANG_CXX_LANGUAGE_STANDARD = "gnu++20";
				CLANG_ENABLE_OBJC_WEAK = YES;
				CLANG_WARN_DOCUMENTATION_COMMENTS = YES;
				CLANG_WARN_UNGUARDED_AVAILABILITY = YES_AGGRESSIVE;
				CODE_SIGN_STYLE = Automatic;
				CURRENT_PROJECT_VERSION = 1;
				DEBUG_INFORMATION_FORMAT = dwarf;
				DEVELOPMENT_TEAM = GP7Y4T75U2;
				GCC_C_LANGUAGE_STANDARD = gnu11;
				GENERATE_INFOPLIST_FILE = YES;
				IPHONEOS_DEPLOYMENT_TARGET = 16.4;
				MARKETING_VERSION = 1.0;
				MTL_ENABLE_DEBUG_INFO = INCLUDE_SOURCE;
				MTL_FAST_MATH = YES;
				PRODUCT_BUNDLE_IDENTIFIER = popov.ResourceTests;
				PRODUCT_NAME = "$(TARGET_NAME)";
				SWIFT_ACTIVE_COMPILATION_CONDITIONS = DEBUG;
				SWIFT_EMIT_LOC_STRINGS = NO;
				SWIFT_VERSION = 5.0;
				TARGETED_DEVICE_FAMILY = "1,2";
				TEST_HOST = "$(BUILT_PRODUCTS_DIR)/SwiftRadio.app/$(BUNDLE_EXECUTABLE_FOLDER_PATH)/SwiftRadio";
			};
			name = Debug;
		};
		DF3C0AA42A56ECD5000E1003 /* Release */ = {
			isa = XCBuildConfiguration;
			baseConfigurationReference = B95FD9EADC28531552C93144 /* Pods-Resource-ResourceTests.release.xcconfig */;
			buildSettings = {
				ALWAYS_EMBED_SWIFT_STANDARD_LIBRARIES = YES;
				CLANG_ANALYZER_NONNULL = YES;
				CLANG_ANALYZER_NUMBER_OBJECT_CONVERSION = YES_AGGRESSIVE;
				CLANG_CXX_LANGUAGE_STANDARD = "gnu++20";
				CLANG_ENABLE_OBJC_WEAK = YES;
				CLANG_WARN_DOCUMENTATION_COMMENTS = YES;
				CLANG_WARN_UNGUARDED_AVAILABILITY = YES_AGGRESSIVE;
				CODE_SIGN_STYLE = Automatic;
				CURRENT_PROJECT_VERSION = 1;
				DEBUG_INFORMATION_FORMAT = "dwarf-with-dsym";
				DEVELOPMENT_TEAM = GP7Y4T75U2;
				GCC_C_LANGUAGE_STANDARD = gnu11;
				GENERATE_INFOPLIST_FILE = YES;
				IPHONEOS_DEPLOYMENT_TARGET = 16.4;
				MARKETING_VERSION = 1.0;
				MTL_FAST_MATH = YES;
				PRODUCT_BUNDLE_IDENTIFIER = popov.ResourceTests;
				PRODUCT_NAME = "$(TARGET_NAME)";
				SWIFT_EMIT_LOC_STRINGS = NO;
				SWIFT_VERSION = 5.0;
				TARGETED_DEVICE_FAMILY = "1,2";
				TEST_HOST = "$(BUILT_PRODUCTS_DIR)/SwiftRadio.app/$(BUNDLE_EXECUTABLE_FOLDER_PATH)/SwiftRadio";
			};
			name = Release;
		};
/* End XCBuildConfiguration section */

/* Begin XCConfigurationList section */
		2C5545C31C1124DE00728469 /* Build configuration list for PBXNativeTarget "SwiftRadioUITests" */ = {
			isa = XCConfigurationList;
			buildConfigurations = (
				2C5545C11C1124DE00728469 /* Debug */,
				2C5545C21C1124DE00728469 /* Release */,
			);
			defaultConfigurationIsVisible = 0;
			defaultConfigurationName = Release;
		};
		9409E1111ABF6FE900312E2B /* Build configuration list for PBXProject "SwiftRadio" */ = {
			isa = XCConfigurationList;
			buildConfigurations = (
				9409E1361ABF6FEA00312E2B /* Debug */,
				9409E1371ABF6FEA00312E2B /* Release */,
			);
			defaultConfigurationIsVisible = 0;
			defaultConfigurationName = Release;
		};
		9409E1381ABF6FEA00312E2B /* Build configuration list for PBXNativeTarget "SwiftRadio" */ = {
			isa = XCConfigurationList;
			buildConfigurations = (
				9409E1391ABF6FEA00312E2B /* Debug */,
				9409E13A1ABF6FEA00312E2B /* Release */,
			);
			defaultConfigurationIsVisible = 0;
			defaultConfigurationName = Release;
		};
		CE6A3E4C291F376D0058C82A /* Build configuration list for PBXNativeTarget "SwiftRadio-CarPlay" */ = {
			isa = XCConfigurationList;
			buildConfigurations = (
				CE6A3E4D291F376D0058C82A /* Debug */,
				CE6A3E4E291F376D0058C82A /* Release */,
			);
			defaultConfigurationIsVisible = 0;
			defaultConfigurationName = Release;
		};
		DF3C0A9E2A56ECD5000E1003 /* Build configuration list for PBXNativeTarget "Resource" */ = {
			isa = XCConfigurationList;
			buildConfigurations = (
				DF3C0A9F2A56ECD5000E1003 /* Debug */,
				DF3C0AA02A56ECD5000E1003 /* Release */,
			);
			defaultConfigurationIsVisible = 0;
			defaultConfigurationName = Release;
		};
		DF3C0AA22A56ECD5000E1003 /* Build configuration list for PBXNativeTarget "ResourceTests" */ = {
			isa = XCConfigurationList;
			buildConfigurations = (
				DF3C0AA32A56ECD5000E1003 /* Debug */,
				DF3C0AA42A56ECD5000E1003 /* Release */,
			);
			defaultConfigurationIsVisible = 0;
			defaultConfigurationName = Release;
		};
/* End XCConfigurationList section */

/* Begin XCRemoteSwiftPackageReference section */
		CE37D7B2290F47E000B0933B /* XCRemoteSwiftPackageReference "Spring" */ = {
			isa = XCRemoteSwiftPackageReference;
			repositoryURL = "https://github.com/fethica/Spring.git";
			requirement = {
				branch = master;
				kind = branch;
			};
		};
		CE37D7B5290F4A9700B0933B /* XCRemoteSwiftPackageReference "FRadioPlayer" */ = {
			isa = XCRemoteSwiftPackageReference;
			repositoryURL = "https://github.com/fethica/FRadioPlayer.git";
			requirement = {
				branch = v0.2.0;
				kind = branch;
			};
		};
		CE60361F2A48C51A00E15E15 /* XCRemoteSwiftPackageReference "NVActivityIndicatorView" */ = {
			isa = XCRemoteSwiftPackageReference;
			repositoryURL = "https://github.com/ninjaprox/NVActivityIndicatorView.git";
			requirement = {
				kind = upToNextMajorVersion;
				minimumVersion = 5.0.0;
			};
		};
		CE6A3E2D291F376D0058C82A /* XCRemoteSwiftPackageReference "Spring" */ = {
			isa = XCRemoteSwiftPackageReference;
			repositoryURL = "https://github.com/fethica/Spring.git";
			requirement = {
				branch = master;
				kind = branch;
			};
		};
		CE6A3E2F291F376D0058C82A /* XCRemoteSwiftPackageReference "FRadioPlayer" */ = {
			isa = XCRemoteSwiftPackageReference;
			repositoryURL = "https://github.com/fethica/FRadioPlayer.git";
			requirement = {
				branch = v0.2.0;
				kind = branch;
			};
		};
/* End XCRemoteSwiftPackageReference section */

/* Begin XCSwiftPackageProductDependency section */
		CE37D7B3290F47E000B0933B /* Spring */ = {
			isa = XCSwiftPackageProductDependency;
			package = CE37D7B2290F47E000B0933B /* XCRemoteSwiftPackageReference "Spring" */;
			productName = Spring;
		};
		CE37D7B6290F4A9700B0933B /* FRadioPlayer */ = {
			isa = XCSwiftPackageProductDependency;
			package = CE37D7B5290F4A9700B0933B /* XCRemoteSwiftPackageReference "FRadioPlayer" */;
			productName = FRadioPlayer;
		};
		CE6036202A48C51A00E15E15 /* NVActivityIndicatorView */ = {
			isa = XCSwiftPackageProductDependency;
			package = CE60361F2A48C51A00E15E15 /* XCRemoteSwiftPackageReference "NVActivityIndicatorView" */;
			productName = NVActivityIndicatorView;
		};
		CE6036222A48C51A00E15E15 /* NVActivityIndicatorViewExtended */ = {
			isa = XCSwiftPackageProductDependency;
			package = CE60361F2A48C51A00E15E15 /* XCRemoteSwiftPackageReference "NVActivityIndicatorView" */;
			productName = NVActivityIndicatorViewExtended;
		};
		CE6036272A48F70A00E15E15 /* NVActivityIndicatorView */ = {
			isa = XCSwiftPackageProductDependency;
			package = CE60361F2A48C51A00E15E15 /* XCRemoteSwiftPackageReference "NVActivityIndicatorView" */;
			productName = NVActivityIndicatorView;
		};
		CE6036292A48F70A00E15E15 /* NVActivityIndicatorViewExtended */ = {
			isa = XCSwiftPackageProductDependency;
			package = CE60361F2A48C51A00E15E15 /* XCRemoteSwiftPackageReference "NVActivityIndicatorView" */;
			productName = NVActivityIndicatorViewExtended;
		};
		CE6A3E2C291F376D0058C82A /* Spring */ = {
			isa = XCSwiftPackageProductDependency;
			package = CE6A3E2D291F376D0058C82A /* XCRemoteSwiftPackageReference "Spring" */;
			productName = Spring;
		};
		CE6A3E2E291F376D0058C82A /* FRadioPlayer */ = {
			isa = XCSwiftPackageProductDependency;
			package = CE6A3E2F291F376D0058C82A /* XCRemoteSwiftPackageReference "FRadioPlayer" */;
			productName = FRadioPlayer;
		};
/* End XCSwiftPackageProductDependency section */
	};
	rootObject = 9409E10E1ABF6FE900312E2B /* Project object */;
}
